// !$*UTF8*$!
{
	archiveVersion = 1;
	classes = {
	};
	objectVersion = 46;
	objects = {

/* Begin PBXBuildFile section */
		5D53B550AFBA411388680FFD /* libPods-ALPValidatorTests.a in Frameworks */ = {isa = PBXBuildFile; fileRef = 49B2E1104D44447A9B2625AE /* libPods-ALPValidatorTests.a */; };
		9901AAD518E7359A004CFB20 /* UIControlPlusALPValidatorSpec.m in Sources */ = {isa = PBXBuildFile; fileRef = 9901AAD418E7359A004CFB20 /* UIControlPlusALPValidatorSpec.m */; };
		9908D564189BCB5300539E7B /* ALPValidatorRangeRule.m in Sources */ = {isa = PBXBuildFile; fileRef = 9908D563189BCB5300539E7B /* ALPValidatorRangeRule.m */; };
		99258E6218A004D900F4407A /* README.md in Resources */ = {isa = PBXBuildFile; fileRef = 99258E6118A004D900F4407A /* README.md */; };
		99333FB01897C74100BA81F5 /* ALPValidator.m in Sources */ = {isa = PBXBuildFile; fileRef = 99333FA11897C74100BA81F5 /* ALPValidator.m */; };
		99333FB11897C74100BA81F5 /* ALPValidatorMaximumLengthRule.m in Sources */ = {isa = PBXBuildFile; fileRef = 99333FA31897C74100BA81F5 /* ALPValidatorMaximumLengthRule.m */; };
		99333FB21897C74100BA81F5 /* ALPValidatorMinimumLengthRule.m in Sources */ = {isa = PBXBuildFile; fileRef = 99333FA51897C74100BA81F5 /* ALPValidatorMinimumLengthRule.m */; };
		99333FB31897C74100BA81F5 /* ALPValidatorRegularExpressionRule.m in Sources */ = {isa = PBXBuildFile; fileRef = 99333FA71897C74100BA81F5 /* ALPValidatorRegularExpressionRule.m */; };
		99333FB41897C74100BA81F5 /* ALPValidatorRemoteRule.m in Sources */ = {isa = PBXBuildFile; fileRef = 99333FA91897C74100BA81F5 /* ALPValidatorRemoteRule.m */; };
		99333FB51897C74100BA81F5 /* ALPValidatorRequiredRule.m in Sources */ = {isa = PBXBuildFile; fileRef = 99333FAB1897C74100BA81F5 /* ALPValidatorRequiredRule.m */; };
		99333FB61897C74100BA81F5 /* ALPValidatorRule.m in Sources */ = {isa = PBXBuildFile; fileRef = 99333FAD1897C74100BA81F5 /* ALPValidatorRule.m */; };
		9951643F1897D17700E73735 /* ALPValidatorSpec.m in Sources */ = {isa = PBXBuildFile; fileRef = 99333F981897C71300BA81F5 /* ALPValidatorSpec.m */; };
		9977469718C8876000DF8C31 /* ALPStringValidator.m in Sources */ = {isa = PBXBuildFile; fileRef = 9977469618C8876000DF8C31 /* ALPStringValidator.m */; };
		9977469A18C8876E00DF8C31 /* ALPNumericValidator.m in Sources */ = {isa = PBXBuildFile; fileRef = 9977469918C8876E00DF8C31 /* ALPNumericValidator.m */; };
		999C70661897C45A008CAEE4 /* Foundation.framework in Frameworks */ = {isa = PBXBuildFile; fileRef = 999C70651897C45A008CAEE4 /* Foundation.framework */; };
		999C70681897C45A008CAEE4 /* CoreGraphics.framework in Frameworks */ = {isa = PBXBuildFile; fileRef = 999C70671897C45A008CAEE4 /* CoreGraphics.framework */; };
		999C706A1897C45A008CAEE4 /* UIKit.framework in Frameworks */ = {isa = PBXBuildFile; fileRef = 999C70691897C45A008CAEE4 /* UIKit.framework */; };
		999C70701897C45A008CAEE4 /* InfoPlist.strings in Resources */ = {isa = PBXBuildFile; fileRef = 999C706E1897C45A008CAEE4 /* InfoPlist.strings */; };
		999C70721897C45A008CAEE4 /* main.m in Sources */ = {isa = PBXBuildFile; fileRef = 999C70711897C45A008CAEE4 /* main.m */; };
		999C70761897C45A008CAEE4 /* ALPValidatorDemoAppDelegate.m in Sources */ = {isa = PBXBuildFile; fileRef = 999C70751897C45A008CAEE4 /* ALPValidatorDemoAppDelegate.m */; };
		999C707E1897C45A008CAEE4 /* Images.xcassets in Resources */ = {isa = PBXBuildFile; fileRef = 999C707D1897C45A008CAEE4 /* Images.xcassets */; };
		999C70851897C45A008CAEE4 /* XCTest.framework in Frameworks */ = {isa = PBXBuildFile; fileRef = 999C70841897C45A008CAEE4 /* XCTest.framework */; };
		999C70861897C45A008CAEE4 /* Foundation.framework in Frameworks */ = {isa = PBXBuildFile; fileRef = 999C70651897C45A008CAEE4 /* Foundation.framework */; };
		999C70871897C45A008CAEE4 /* UIKit.framework in Frameworks */ = {isa = PBXBuildFile; fileRef = 999C70691897C45A008CAEE4 /* UIKit.framework */; };
		999C708F1897C45A008CAEE4 /* InfoPlist.strings in Resources */ = {isa = PBXBuildFile; fileRef = 999C708D1897C45A008CAEE4 /* InfoPlist.strings */; };
		99B16B8D189BD736001DBA64 /* ALPValidatorEqualRule.m in Sources */ = {isa = PBXBuildFile; fileRef = 99B16B8C189BD736001DBA64 /* ALPValidatorEqualRule.m */; };
		99BCA2D918E72DB200D8C57C /* ALPValidatorRequiredRuleSpec.m in Sources */ = {isa = PBXBuildFile; fileRef = 99BCA2D818E72DB200D8C57C /* ALPValidatorRequiredRuleSpec.m */; };
		99BCA2DB18E72E0B00D8C57C /* ALPValidatorMinimumLengthRuleSpec.m in Sources */ = {isa = PBXBuildFile; fileRef = 99BCA2DA18E72E0B00D8C57C /* ALPValidatorMinimumLengthRuleSpec.m */; };
		99BCA2DD18E72E2A00D8C57C /* ALPValidatorMaximumLengthRuleSpec.m in Sources */ = {isa = PBXBuildFile; fileRef = 99BCA2DC18E72E2A00D8C57C /* ALPValidatorMaximumLengthRuleSpec.m */; };
		99BCA2E118E72E6A00D8C57C /* ALPValidatorRangeRuleSpec.m in Sources */ = {isa = PBXBuildFile; fileRef = 99BCA2E018E72E6A00D8C57C /* ALPValidatorRangeRuleSpec.m */; };
		99BCA2E318E72E7800D8C57C /* ALPValidatotEqualRuleSpec.m in Sources */ = {isa = PBXBuildFile; fileRef = 99BCA2E218E72E7800D8C57C /* ALPValidatotEqualRuleSpec.m */; };
		99BCA2E518E72E8800D8C57C /* ALPValidatorRegularExpressionRuleSpec.m in Sources */ = {isa = PBXBuildFile; fileRef = 99BCA2E418E72E8800D8C57C /* ALPValidatorRegularExpressionRuleSpec.m */; };
		99BCA2E718E72E9400D8C57C /* ALPValidatorCustomRuleSpec.m in Sources */ = {isa = PBXBuildFile; fileRef = 99BCA2E618E72E9400D8C57C /* ALPValidatorCustomRuleSpec.m */; };
		99BCA2E918E72EA400D8C57C /* ALPValidatorRemoteRuleSpec.m in Sources */ = {isa = PBXBuildFile; fileRef = 99BCA2E818E72EA400D8C57C /* ALPValidatorRemoteRuleSpec.m */; };
		99DC274F189F9DB800F23EC8 /* ALPValidatorDemo.storyboard in Resources */ = {isa = PBXBuildFile; fileRef = 99DC274E189F9DB800F23EC8 /* ALPValidatorDemo.storyboard */; };
		99DC2752189F9DD700F23EC8 /* ALPValidatorDemoSelectViewController.m in Sources */ = {isa = PBXBuildFile; fileRef = 99DC2751189F9DD700F23EC8 /* ALPValidatorDemoSelectViewController.m */; };
		99DC2755189F9DFA00F23EC8 /* ALPValidatorDemoTextFieldViewController.m in Sources */ = {isa = PBXBuildFile; fileRef = 99DC2754189F9DFA00F23EC8 /* ALPValidatorDemoTextFieldViewController.m */; };
		99E36C9618CB0462004B01D2 /* UIControl+ALPValidator.m in Sources */ = {isa = PBXBuildFile; fileRef = 99E36C9518CB0462004B01D2 /* UIControl+ALPValidator.m */; };
		99EA8FA51897F5550063DD9F /* ALPValidatorCustomRule.m in Sources */ = {isa = PBXBuildFile; fileRef = 99EA8FA41897F5550063DD9F /* ALPValidatorCustomRule.m */; };
/* End PBXBuildFile section */

/* Begin PBXContainerItemProxy section */
		999C70881897C45A008CAEE4 /* PBXContainerItemProxy */ = {
			isa = PBXContainerItemProxy;
			containerPortal = 999C705A1897C45A008CAEE4 /* Project object */;
			proxyType = 1;
			remoteGlobalIDString = 999C70611897C45A008CAEE4;
			remoteInfo = ALPValidator;
		};
/* End PBXContainerItemProxy section */

/* Begin PBXFileReference section */
		49B2E1104D44447A9B2625AE /* libPods-ALPValidatorTests.a */ = {isa = PBXFileReference; explicitFileType = archive.ar; includeInIndex = 0; path = "libPods-ALPValidatorTests.a"; sourceTree = BUILT_PRODUCTS_DIR; };
		65EBC2426EE8480EA88DDF00 /* Pods-ALPValidatorTests.xcconfig */ = {isa = PBXFileReference; includeInIndex = 1; lastKnownFileType = text.xcconfig; name = "Pods-ALPValidatorTests.xcconfig"; path = "Pods/Pods-ALPValidatorTests.xcconfig"; sourceTree = "<group>"; };
		9901AAD418E7359A004CFB20 /* UIControlPlusALPValidatorSpec.m */ = {isa = PBXFileReference; fileEncoding = 4; lastKnownFileType = sourcecode.c.objc; name = UIControlPlusALPValidatorSpec.m; path = ../../ALPValidatorTests/UIControlPlusALPValidatorSpec.m; sourceTree = "<group>"; };
		9908D562189BCB5300539E7B /* ALPValidatorRangeRule.h */ = {isa = PBXFileReference; fileEncoding = 4; lastKnownFileType = sourcecode.c.h; path = ALPValidatorRangeRule.h; sourceTree = "<group>"; };
		9908D563189BCB5300539E7B /* ALPValidatorRangeRule.m */ = {isa = PBXFileReference; fileEncoding = 4; lastKnownFileType = sourcecode.c.objc; path = ALPValidatorRangeRule.m; sourceTree = "<group>"; };
		99258E6118A004D900F4407A /* README.md */ = {isa = PBXFileReference; fileEncoding = 4; lastKnownFileType = text; name = README.md; path = ../README.md; sourceTree = "<group>"; };
		99333F981897C71300BA81F5 /* ALPValidatorSpec.m */ = {isa = PBXFileReference; fileEncoding = 4; lastKnownFileType = sourcecode.c.objc; name = ALPValidatorSpec.m; path = ../../ALPValidatorTests/ALPValidatorSpec.m; sourceTree = "<group>"; };
		99333FA01897C74100BA81F5 /* ALPValidator.h */ = {isa = PBXFileReference; fileEncoding = 4; lastKnownFileType = sourcecode.c.h; path = ALPValidator.h; sourceTree = "<group>"; };
		99333FA11897C74100BA81F5 /* ALPValidator.m */ = {isa = PBXFileReference; fileEncoding = 4; lastKnownFileType = sourcecode.c.objc; path = ALPValidator.m; sourceTree = "<group>"; };
		99333FA21897C74100BA81F5 /* ALPValidatorMaximumLengthRule.h */ = {isa = PBXFileReference; fileEncoding = 4; lastKnownFileType = sourcecode.c.h; path = ALPValidatorMaximumLengthRule.h; sourceTree = "<group>"; };
		99333FA31897C74100BA81F5 /* ALPValidatorMaximumLengthRule.m */ = {isa = PBXFileReference; fileEncoding = 4; lastKnownFileType = sourcecode.c.objc; path = ALPValidatorMaximumLengthRule.m; sourceTree = "<group>"; };
		99333FA41897C74100BA81F5 /* ALPValidatorMinimumLengthRule.h */ = {isa = PBXFileReference; fileEncoding = 4; lastKnownFileType = sourcecode.c.h; path = ALPValidatorMinimumLengthRule.h; sourceTree = "<group>"; };
		99333FA51897C74100BA81F5 /* ALPValidatorMinimumLengthRule.m */ = {isa = PBXFileReference; fileEncoding = 4; lastKnownFileType = sourcecode.c.objc; path = ALPValidatorMinimumLengthRule.m; sourceTree = "<group>"; };
		99333FA61897C74100BA81F5 /* ALPValidatorRegularExpressionRule.h */ = {isa = PBXFileReference; fileEncoding = 4; lastKnownFileType = sourcecode.c.h; path = ALPValidatorRegularExpressionRule.h; sourceTree = "<group>"; };
		99333FA71897C74100BA81F5 /* ALPValidatorRegularExpressionRule.m */ = {isa = PBXFileReference; fileEncoding = 4; lastKnownFileType = sourcecode.c.objc; path = ALPValidatorRegularExpressionRule.m; sourceTree = "<group>"; };
		99333FA81897C74100BA81F5 /* ALPValidatorRemoteRule.h */ = {isa = PBXFileReference; fileEncoding = 4; lastKnownFileType = sourcecode.c.h; path = ALPValidatorRemoteRule.h; sourceTree = "<group>"; };
		99333FA91897C74100BA81F5 /* ALPValidatorRemoteRule.m */ = {isa = PBXFileReference; fileEncoding = 4; lastKnownFileType = sourcecode.c.objc; path = ALPValidatorRemoteRule.m; sourceTree = "<group>"; };
		99333FAA1897C74100BA81F5 /* ALPValidatorRequiredRule.h */ = {isa = PBXFileReference; fileEncoding = 4; lastKnownFileType = sourcecode.c.h; path = ALPValidatorRequiredRule.h; sourceTree = "<group>"; };
		99333FAB1897C74100BA81F5 /* ALPValidatorRequiredRule.m */ = {isa = PBXFileReference; fileEncoding = 4; lastKnownFileType = sourcecode.c.objc; path = ALPValidatorRequiredRule.m; sourceTree = "<group>"; };
		99333FAC1897C74100BA81F5 /* ALPValidatorRule.h */ = {isa = PBXFileReference; fileEncoding = 4; lastKnownFileType = sourcecode.c.h; path = ALPValidatorRule.h; sourceTree = "<group>"; };
		99333FAD1897C74100BA81F5 /* ALPValidatorRule.m */ = {isa = PBXFileReference; fileEncoding = 4; lastKnownFileType = sourcecode.c.objc; path = ALPValidatorRule.m; sourceTree = "<group>"; };
		99333FB81897CF3600BA81F5 /* SenTestingKit.framework */ = {isa = PBXFileReference; lastKnownFileType = wrapper.framework; name = SenTestingKit.framework; path = Library/Frameworks/SenTestingKit.framework; sourceTree = DEVELOPER_DIR; };
		9977469518C8876000DF8C31 /* ALPStringValidator.h */ = {isa = PBXFileReference; fileEncoding = 4; lastKnownFileType = sourcecode.c.h; path = ALPStringValidator.h; sourceTree = "<group>"; };
		9977469618C8876000DF8C31 /* ALPStringValidator.m */ = {isa = PBXFileReference; fileEncoding = 4; lastKnownFileType = sourcecode.c.objc; path = ALPStringValidator.m; sourceTree = "<group>"; };
		9977469818C8876E00DF8C31 /* ALPNumericValidator.h */ = {isa = PBXFileReference; fileEncoding = 4; lastKnownFileType = sourcecode.c.h; path = ALPNumericValidator.h; sourceTree = "<group>"; };
		9977469918C8876E00DF8C31 /* ALPNumericValidator.m */ = {isa = PBXFileReference; fileEncoding = 4; lastKnownFileType = sourcecode.c.objc; path = ALPNumericValidator.m; sourceTree = "<group>"; };
		9977469E18C88F0100DF8C31 /* ALPValidator+Private.h */ = {isa = PBXFileReference; fileEncoding = 4; lastKnownFileType = sourcecode.c.h; path = "ALPValidator+Private.h"; sourceTree = "<group>"; };
		999C70621897C45A008CAEE4 /* ALPValidator.app */ = {isa = PBXFileReference; explicitFileType = wrapper.application; includeInIndex = 0; path = ALPValidator.app; sourceTree = BUILT_PRODUCTS_DIR; };
		999C70651897C45A008CAEE4 /* Foundation.framework */ = {isa = PBXFileReference; lastKnownFileType = wrapper.framework; name = Foundation.framework; path = System/Library/Frameworks/Foundation.framework; sourceTree = SDKROOT; };
		999C70671897C45A008CAEE4 /* CoreGraphics.framework */ = {isa = PBXFileReference; lastKnownFileType = wrapper.framework; name = CoreGraphics.framework; path = System/Library/Frameworks/CoreGraphics.framework; sourceTree = SDKROOT; };
		999C70691897C45A008CAEE4 /* UIKit.framework */ = {isa = PBXFileReference; lastKnownFileType = wrapper.framework; name = UIKit.framework; path = System/Library/Frameworks/UIKit.framework; sourceTree = SDKROOT; };
		999C706D1897C45A008CAEE4 /* ALPValidator-Info.plist */ = {isa = PBXFileReference; lastKnownFileType = text.plist.xml; path = "ALPValidator-Info.plist"; sourceTree = "<group>"; };
		999C706F1897C45A008CAEE4 /* en */ = {isa = PBXFileReference; lastKnownFileType = text.plist.strings; name = en; path = en.lproj/InfoPlist.strings; sourceTree = "<group>"; };
		999C70711897C45A008CAEE4 /* main.m */ = {isa = PBXFileReference; lastKnownFileType = sourcecode.c.objc; path = main.m; sourceTree = "<group>"; };
		999C70731897C45A008CAEE4 /* ALPValidator-Prefix.pch */ = {isa = PBXFileReference; lastKnownFileType = sourcecode.c.h; path = "ALPValidator-Prefix.pch"; sourceTree = "<group>"; };
		999C70741897C45A008CAEE4 /* ALPValidatorDemoAppDelegate.h */ = {isa = PBXFileReference; lastKnownFileType = sourcecode.c.h; path = ALPValidatorDemoAppDelegate.h; sourceTree = "<group>"; };
		999C70751897C45A008CAEE4 /* ALPValidatorDemoAppDelegate.m */ = {isa = PBXFileReference; lastKnownFileType = sourcecode.c.objc; path = ALPValidatorDemoAppDelegate.m; sourceTree = "<group>"; };
		999C707D1897C45A008CAEE4 /* Images.xcassets */ = {isa = PBXFileReference; lastKnownFileType = folder.assetcatalog; path = Images.xcassets; sourceTree = "<group>"; };
		999C70831897C45A008CAEE4 /* ALPValidatorTests.xctest */ = {isa = PBXFileReference; explicitFileType = wrapper.cfbundle; includeInIndex = 0; path = ALPValidatorTests.xctest; sourceTree = BUILT_PRODUCTS_DIR; };
		999C70841897C45A008CAEE4 /* XCTest.framework */ = {isa = PBXFileReference; lastKnownFileType = wrapper.framework; name = XCTest.framework; path = Library/Frameworks/XCTest.framework; sourceTree = DEVELOPER_DIR; };
		999C708C1897C45A008CAEE4 /* ALPValidatorTests-Info.plist */ = {isa = PBXFileReference; lastKnownFileType = text.plist.xml; path = "ALPValidatorTests-Info.plist"; sourceTree = "<group>"; };
		999C708E1897C45A008CAEE4 /* en */ = {isa = PBXFileReference; lastKnownFileType = text.plist.strings; name = en; path = en.lproj/InfoPlist.strings; sourceTree = "<group>"; };
		99B16B8B189BD736001DBA64 /* ALPValidatorEqualRule.h */ = {isa = PBXFileReference; fileEncoding = 4; lastKnownFileType = sourcecode.c.h; path = ALPValidatorEqualRule.h; sourceTree = "<group>"; };
		99B16B8C189BD736001DBA64 /* ALPValidatorEqualRule.m */ = {isa = PBXFileReference; fileEncoding = 4; lastKnownFileType = sourcecode.c.objc; path = ALPValidatorEqualRule.m; sourceTree = "<group>"; };
		99BCA2D818E72DB200D8C57C /* ALPValidatorRequiredRuleSpec.m */ = {isa = PBXFileReference; fileEncoding = 4; lastKnownFileType = sourcecode.c.objc; name = ALPValidatorRequiredRuleSpec.m; path = ../../ALPValidatorTests/ALPValidatorRequiredRuleSpec.m; sourceTree = "<group>"; };
		99BCA2DA18E72E0B00D8C57C /* ALPValidatorMinimumLengthRuleSpec.m */ = {isa = PBXFileReference; fileEncoding = 4; lastKnownFileType = sourcecode.c.objc; name = ALPValidatorMinimumLengthRuleSpec.m; path = ../../ALPValidatorTests/ALPValidatorMinimumLengthRuleSpec.m; sourceTree = "<group>"; };
		99BCA2DC18E72E2A00D8C57C /* ALPValidatorMaximumLengthRuleSpec.m */ = {isa = PBXFileReference; fileEncoding = 4; lastKnownFileType = sourcecode.c.objc; name = ALPValidatorMaximumLengthRuleSpec.m; path = ../../ALPValidatorTests/ALPValidatorMaximumLengthRuleSpec.m; sourceTree = "<group>"; };
		99BCA2E018E72E6A00D8C57C /* ALPValidatorRangeRuleSpec.m */ = {isa = PBXFileReference; fileEncoding = 4; lastKnownFileType = sourcecode.c.objc; name = ALPValidatorRangeRuleSpec.m; path = ../../ALPValidatorTests/ALPValidatorRangeRuleSpec.m; sourceTree = "<group>"; };
		99BCA2E218E72E7800D8C57C /* ALPValidatotEqualRuleSpec.m */ = {isa = PBXFileReference; fileEncoding = 4; lastKnownFileType = sourcecode.c.objc; name = ALPValidatotEqualRuleSpec.m; path = ../../ALPValidatorTests/ALPValidatotEqualRuleSpec.m; sourceTree = "<group>"; };
		99BCA2E418E72E8800D8C57C /* ALPValidatorRegularExpressionRuleSpec.m */ = {isa = PBXFileReference; fileEncoding = 4; lastKnownFileType = sourcecode.c.objc; name = ALPValidatorRegularExpressionRuleSpec.m; path = ../../ALPValidatorTests/ALPValidatorRegularExpressionRuleSpec.m; sourceTree = "<group>"; };
		99BCA2E618E72E9400D8C57C /* ALPValidatorCustomRuleSpec.m */ = {isa = PBXFileReference; fileEncoding = 4; lastKnownFileType = sourcecode.c.objc; name = ALPValidatorCustomRuleSpec.m; path = ../../ALPValidatorTests/ALPValidatorCustomRuleSpec.m; sourceTree = "<group>"; };
		99BCA2E818E72EA400D8C57C /* ALPValidatorRemoteRuleSpec.m */ = {isa = PBXFileReference; fileEncoding = 4; lastKnownFileType = sourcecode.c.objc; name = ALPValidatorRemoteRuleSpec.m; path = ../../ALPValidatorTests/ALPValidatorRemoteRuleSpec.m; sourceTree = "<group>"; };
		99DC274E189F9DB800F23EC8 /* ALPValidatorDemo.storyboard */ = {isa = PBXFileReference; fileEncoding = 4; lastKnownFileType = file.storyboard; path = ALPValidatorDemo.storyboard; sourceTree = "<group>"; };
		99DC2750189F9DD700F23EC8 /* ALPValidatorDemoSelectViewController.h */ = {isa = PBXFileReference; fileEncoding = 4; lastKnownFileType = sourcecode.c.h; path = ALPValidatorDemoSelectViewController.h; sourceTree = "<group>"; };
		99DC2751189F9DD700F23EC8 /* ALPValidatorDemoSelectViewController.m */ = {isa = PBXFileReference; fileEncoding = 4; lastKnownFileType = sourcecode.c.objc; path = ALPValidatorDemoSelectViewController.m; sourceTree = "<group>"; };
		99DC2753189F9DFA00F23EC8 /* ALPValidatorDemoTextFieldViewController.h */ = {isa = PBXFileReference; fileEncoding = 4; lastKnownFileType = sourcecode.c.h; path = ALPValidatorDemoTextFieldViewController.h; sourceTree = "<group>"; };
		99DC2754189F9DFA00F23EC8 /* ALPValidatorDemoTextFieldViewController.m */ = {isa = PBXFileReference; fileEncoding = 4; lastKnownFileType = sourcecode.c.objc; path = ALPValidatorDemoTextFieldViewController.m; sourceTree = "<group>"; };
		99E36C9418CB0462004B01D2 /* UIControl+ALPValidator.h */ = {isa = PBXFileReference; fileEncoding = 4; lastKnownFileType = sourcecode.c.h; path = "UIControl+ALPValidator.h"; sourceTree = "<group>"; };
		99E36C9518CB0462004B01D2 /* UIControl+ALPValidator.m */ = {isa = PBXFileReference; fileEncoding = 4; lastKnownFileType = sourcecode.c.objc; path = "UIControl+ALPValidator.m"; sourceTree = "<group>"; };
		99EA8FA31897F5550063DD9F /* ALPValidatorCustomRule.h */ = {isa = PBXFileReference; fileEncoding = 4; lastKnownFileType = sourcecode.c.h; path = ALPValidatorCustomRule.h; sourceTree = "<group>"; };
		99EA8FA41897F5550063DD9F /* ALPValidatorCustomRule.m */ = {isa = PBXFileReference; fileEncoding = 4; lastKnownFileType = sourcecode.c.objc; path = ALPValidatorCustomRule.m; sourceTree = "<group>"; };
/* End PBXFileReference section */

/* Begin PBXFrameworksBuildPhase section */
		999C705F1897C45A008CAEE4 /* Frameworks */ = {
			isa = PBXFrameworksBuildPhase;
			buildActionMask = 2147483647;
			files = (
				999C70681897C45A008CAEE4 /* CoreGraphics.framework in Frameworks */,
				999C706A1897C45A008CAEE4 /* UIKit.framework in Frameworks */,
				999C70661897C45A008CAEE4 /* Foundation.framework in Frameworks */,
			);
			runOnlyForDeploymentPostprocessing = 0;
		};
		999C70801897C45A008CAEE4 /* Frameworks */ = {
			isa = PBXFrameworksBuildPhase;
			buildActionMask = 2147483647;
			files = (
				999C70851897C45A008CAEE4 /* XCTest.framework in Frameworks */,
				999C70871897C45A008CAEE4 /* UIKit.framework in Frameworks */,
				999C70861897C45A008CAEE4 /* Foundation.framework in Frameworks */,
				5D53B550AFBA411388680FFD /* libPods-ALPValidatorTests.a in Frameworks */,
			);
			runOnlyForDeploymentPostprocessing = 0;
		};
/* End PBXFrameworksBuildPhase section */

/* Begin PBXGroup section */
		99333F9B1897C74100BA81F5 /* ALPValidator */ = {
			isa = PBXGroup;
			children = (
				997B097818E84605006CE109 /* Validators */,
				997B097918E8460F006CE109 /* Rules */,
				997B097A18E8461A006CE109 /* Categories */,
			);
			name = ALPValidator;
			path = ../ALPValidator;
			sourceTree = "<group>";
		};
		997B097818E84605006CE109 /* Validators */ = {
			isa = PBXGroup;
			children = (
				99333FA01897C74100BA81F5 /* ALPValidator.h */,
				99333FA11897C74100BA81F5 /* ALPValidator.m */,
				9977469E18C88F0100DF8C31 /* ALPValidator+Private.h */,
				9977469518C8876000DF8C31 /* ALPStringValidator.h */,
				9977469618C8876000DF8C31 /* ALPStringValidator.m */,
				9977469818C8876E00DF8C31 /* ALPNumericValidator.h */,
				9977469918C8876E00DF8C31 /* ALPNumericValidator.m */,
			);
			name = Validators;
			sourceTree = "<group>";
		};
		997B097918E8460F006CE109 /* Rules */ = {
			isa = PBXGroup;
			children = (
				99333FAC1897C74100BA81F5 /* ALPValidatorRule.h */,
				99333FAD1897C74100BA81F5 /* ALPValidatorRule.m */,
				99333FAA1897C74100BA81F5 /* ALPValidatorRequiredRule.h */,
				99333FAB1897C74100BA81F5 /* ALPValidatorRequiredRule.m */,
				99333FA41897C74100BA81F5 /* ALPValidatorMinimumLengthRule.h */,
				99333FA51897C74100BA81F5 /* ALPValidatorMinimumLengthRule.m */,
				99333FA21897C74100BA81F5 /* ALPValidatorMaximumLengthRule.h */,
				99333FA31897C74100BA81F5 /* ALPValidatorMaximumLengthRule.m */,
				9908D562189BCB5300539E7B /* ALPValidatorRangeRule.h */,
				9908D563189BCB5300539E7B /* ALPValidatorRangeRule.m */,
				99B16B8B189BD736001DBA64 /* ALPValidatorEqualRule.h */,
				99B16B8C189BD736001DBA64 /* ALPValidatorEqualRule.m */,
				99333FA61897C74100BA81F5 /* ALPValidatorRegularExpressionRule.h */,
				99333FA71897C74100BA81F5 /* ALPValidatorRegularExpressionRule.m */,
				99EA8FA31897F5550063DD9F /* ALPValidatorCustomRule.h */,
				99EA8FA41897F5550063DD9F /* ALPValidatorCustomRule.m */,
				99333FA81897C74100BA81F5 /* ALPValidatorRemoteRule.h */,
				99333FA91897C74100BA81F5 /* ALPValidatorRemoteRule.m */,
			);
			name = Rules;
			sourceTree = "<group>";
		};
		997B097A18E8461A006CE109 /* Categories */ = {
			isa = PBXGroup;
			children = (
				99E36C9418CB0462004B01D2 /* UIControl+ALPValidator.h */,
				99E36C9518CB0462004B01D2 /* UIControl+ALPValidator.m */,
			);
			name = Categories;
			sourceTree = "<group>";
		};
		999C70591897C45A008CAEE4 = {
			isa = PBXGroup;
			children = (
				99258E6118A004D900F4407A /* README.md */,
				99333F9B1897C74100BA81F5 /* ALPValidator */,
				999C706B1897C45A008CAEE4 /* ALPValidatorExample */,
				999C708A1897C45A008CAEE4 /* ALPValidatorTests */,
				999C70641897C45A008CAEE4 /* Frameworks */,
				999C70631897C45A008CAEE4 /* Products */,
				65EBC2426EE8480EA88DDF00 /* Pods-ALPValidatorTests.xcconfig */,
			);
			sourceTree = "<group>";
		};
		999C70631897C45A008CAEE4 /* Products */ = {
			isa = PBXGroup;
			children = (
				999C70621897C45A008CAEE4 /* ALPValidator.app */,
				999C70831897C45A008CAEE4 /* ALPValidatorTests.xctest */,
			);
			name = Products;
			sourceTree = "<group>";
		};
		999C70641897C45A008CAEE4 /* Frameworks */ = {
			isa = PBXGroup;
			children = (
				99333FB81897CF3600BA81F5 /* SenTestingKit.framework */,
				999C70651897C45A008CAEE4 /* Foundation.framework */,
				999C70671897C45A008CAEE4 /* CoreGraphics.framework */,
				999C70691897C45A008CAEE4 /* UIKit.framework */,
				999C70841897C45A008CAEE4 /* XCTest.framework */,
				49B2E1104D44447A9B2625AE /* libPods-ALPValidatorTests.a */,
			);
			name = Frameworks;
			sourceTree = "<group>";
		};
		999C706B1897C45A008CAEE4 /* ALPValidatorExample */ = {
			isa = PBXGroup;
			children = (
				999C70741897C45A008CAEE4 /* ALPValidatorDemoAppDelegate.h */,
				999C70751897C45A008CAEE4 /* ALPValidatorDemoAppDelegate.m */,
				99DC275B189F9F3200F23EC8 /* Storyboard */,
				99DC275A189F9F2600F23EC8 /* Controllers */,
				999C707D1897C45A008CAEE4 /* Images.xcassets */,
				999C706C1897C45A008CAEE4 /* Supporting Files */,
			);
			path = ALPValidatorExample;
			sourceTree = "<group>";
		};
		999C706C1897C45A008CAEE4 /* Supporting Files */ = {
			isa = PBXGroup;
			children = (
				999C706D1897C45A008CAEE4 /* ALPValidator-Info.plist */,
				999C706E1897C45A008CAEE4 /* InfoPlist.strings */,
				999C70711897C45A008CAEE4 /* main.m */,
				999C70731897C45A008CAEE4 /* ALPValidator-Prefix.pch */,
			);
			name = "Supporting Files";
			sourceTree = "<group>";
		};
		999C708A1897C45A008CAEE4 /* ALPValidatorTests */ = {
			isa = PBXGroup;
			children = (
				99333F981897C71300BA81F5 /* ALPValidatorSpec.m */,
				99BCA2D718E72D6800D8C57C /* Rules */,
				999C708B1897C45A008CAEE4 /* Supporting Files */,
			);
			name = ALPValidatorTests;
			path = ALPValidatorTestTarget;
			sourceTree = "<group>";
		};
		999C708B1897C45A008CAEE4 /* Supporting Files */ = {
			isa = PBXGroup;
			children = (
				999C708C1897C45A008CAEE4 /* ALPValidatorTests-Info.plist */,
				999C708D1897C45A008CAEE4 /* InfoPlist.strings */,
			);
			name = "Supporting Files";
			sourceTree = "<group>";
		};
		99BCA2D718E72D6800D8C57C /* Rules */ = {
			isa = PBXGroup;
			children = (
				99BCA2D818E72DB200D8C57C /* ALPValidatorRequiredRuleSpec.m */,
				99BCA2DA18E72E0B00D8C57C /* ALPValidatorMinimumLengthRuleSpec.m */,
				99BCA2DC18E72E2A00D8C57C /* ALPValidatorMaximumLengthRuleSpec.m */,
				99BCA2E018E72E6A00D8C57C /* ALPValidatorRangeRuleSpec.m */,
				99BCA2E218E72E7800D8C57C /* ALPValidatotEqualRuleSpec.m */,
				99BCA2E418E72E8800D8C57C /* ALPValidatorRegularExpressionRuleSpec.m */,
				99BCA2E618E72E9400D8C57C /* ALPValidatorCustomRuleSpec.m */,
				99BCA2E818E72EA400D8C57C /* ALPValidatorRemoteRuleSpec.m */,
				9901AAD418E7359A004CFB20 /* UIControlPlusALPValidatorSpec.m */,
			);
			name = Rules;
			sourceTree = "<group>";
		};
		99DC275A189F9F2600F23EC8 /* Controllers */ = {
			isa = PBXGroup;
			children = (
				99DC2750189F9DD700F23EC8 /* ALPValidatorDemoSelectViewController.h */,
				99DC2751189F9DD700F23EC8 /* ALPValidatorDemoSelectViewController.m */,
				99DC2753189F9DFA00F23EC8 /* ALPValidatorDemoTextFieldViewController.h */,
				99DC2754189F9DFA00F23EC8 /* ALPValidatorDemoTextFieldViewController.m */,
			);
			name = Controllers;
			sourceTree = "<group>";
		};
		99DC275B189F9F3200F23EC8 /* Storyboard */ = {
			isa = PBXGroup;
			children = (
				99DC274E189F9DB800F23EC8 /* ALPValidatorDemo.storyboard */,
			);
			name = Storyboard;
			sourceTree = "<group>";
		};
/* End PBXGroup section */

/* Begin PBXNativeTarget section */
		999C70611897C45A008CAEE4 /* ALPValidator */ = {
			isa = PBXNativeTarget;
			buildConfigurationList = 999C70941897C45A008CAEE4 /* Build configuration list for PBXNativeTarget "ALPValidator" */;
			buildPhases = (
				999C705E1897C45A008CAEE4 /* Sources */,
				999C705F1897C45A008CAEE4 /* Frameworks */,
				999C70601897C45A008CAEE4 /* Resources */,
			);
			buildRules = (
			);
			dependencies = (
			);
			name = ALPValidator;
			productName = ALPValidator;
			productReference = 999C70621897C45A008CAEE4 /* ALPValidator.app */;
			productType = "com.apple.product-type.application";
		};
		999C70821897C45A008CAEE4 /* ALPValidatorTests */ = {
			isa = PBXNativeTarget;
			buildConfigurationList = 999C70971897C45A008CAEE4 /* Build configuration list for PBXNativeTarget "ALPValidatorTests" */;
			buildPhases = (
				82852173BDC54D1AA94DD4F4 /* Check Pods Manifest.lock */,
				999C707F1897C45A008CAEE4 /* Sources */,
				999C70801897C45A008CAEE4 /* Frameworks */,
				999C70811897C45A008CAEE4 /* Resources */,
				6CADE3B536DD4DF4BEC8E6DD /* Copy Pods Resources */,
			);
			buildRules = (
			);
			dependencies = (
				999C70891897C45A008CAEE4 /* PBXTargetDependency */,
			);
			name = ALPValidatorTests;
			productName = ALPValidatorTests;
			productReference = 999C70831897C45A008CAEE4 /* ALPValidatorTests.xctest */;
			productType = "com.apple.product-type.bundle.unit-test";
		};
/* End PBXNativeTarget section */

/* Begin PBXProject section */
		999C705A1897C45A008CAEE4 /* Project object */ = {
			isa = PBXProject;
			attributes = {
				LastUpgradeCheck = 0510;
				ORGANIZATIONNAME = "Alpaca Labs";
				TargetAttributes = {
					999C70821897C45A008CAEE4 = {
						TestTargetID = 999C70611897C45A008CAEE4;
					};
				};
			};
			buildConfigurationList = 999C705D1897C45A008CAEE4 /* Build configuration list for PBXProject "ALPValidator" */;
			compatibilityVersion = "Xcode 3.2";
			developmentRegion = English;
			hasScannedForEncodings = 0;
			knownRegions = (
				en,
				Base,
			);
			mainGroup = 999C70591897C45A008CAEE4;
			productRefGroup = 999C70631897C45A008CAEE4 /* Products */;
			projectDirPath = "";
			projectRoot = "";
			targets = (
				999C70611897C45A008CAEE4 /* ALPValidator */,
				999C70821897C45A008CAEE4 /* ALPValidatorTests */,
			);
		};
/* End PBXProject section */

/* Begin PBXResourcesBuildPhase section */
		999C70601897C45A008CAEE4 /* Resources */ = {
			isa = PBXResourcesBuildPhase;
			buildActionMask = 2147483647;
			files = (
				999C707E1897C45A008CAEE4 /* Images.xcassets in Resources */,
				99DC274F189F9DB800F23EC8 /* ALPValidatorDemo.storyboard in Resources */,
				99258E6218A004D900F4407A /* README.md in Resources */,
				999C70701897C45A008CAEE4 /* InfoPlist.strings in Resources */,
			);
			runOnlyForDeploymentPostprocessing = 0;
		};
		999C70811897C45A008CAEE4 /* Resources */ = {
			isa = PBXResourcesBuildPhase;
			buildActionMask = 2147483647;
			files = (
				999C708F1897C45A008CAEE4 /* InfoPlist.strings in Resources */,
			);
			runOnlyForDeploymentPostprocessing = 0;
		};
/* End PBXResourcesBuildPhase section */

/* Begin PBXShellScriptBuildPhase section */
		6CADE3B536DD4DF4BEC8E6DD /* Copy Pods Resources */ = {
			isa = PBXShellScriptBuildPhase;
			buildActionMask = 2147483647;
			files = (
			);
			inputPaths = (
			);
			name = "Copy Pods Resources";
			outputPaths = (
			);
			runOnlyForDeploymentPostprocessing = 0;
			shellPath = /bin/sh;
			shellScript = "\"${SRCROOT}/Pods/Pods-ALPValidatorTests-resources.sh\"\n";
			showEnvVarsInLog = 0;
		};
		82852173BDC54D1AA94DD4F4 /* Check Pods Manifest.lock */ = {
			isa = PBXShellScriptBuildPhase;
			buildActionMask = 2147483647;
			files = (
			);
			inputPaths = (
			);
			name = "Check Pods Manifest.lock";
			outputPaths = (
			);
			runOnlyForDeploymentPostprocessing = 0;
			shellPath = /bin/sh;
			shellScript = "diff \"${PODS_ROOT}/../Podfile.lock\" \"${PODS_ROOT}/Manifest.lock\" > /dev/null\nif [[ $? != 0 ]] ; then\n    cat << EOM\nerror: The sandbox is not in sync with the Podfile.lock. Run 'pod install' or update your CocoaPods installation.\nEOM\n    exit 1\nfi\n";
			showEnvVarsInLog = 0;
		};
/* End PBXShellScriptBuildPhase section */

/* Begin PBXSourcesBuildPhase section */
		999C705E1897C45A008CAEE4 /* Sources */ = {
			isa = PBXSourcesBuildPhase;
			buildActionMask = 2147483647;
			files = (
				99333FB21897C74100BA81F5 /* ALPValidatorMinimumLengthRule.m in Sources */,
				999C70761897C45A008CAEE4 /* ALPValidatorDemoAppDelegate.m in Sources */,
				99333FB31897C74100BA81F5 /* ALPValidatorRegularExpressionRule.m in Sources */,
				9908D564189BCB5300539E7B /* ALPValidatorRangeRule.m in Sources */,
				99333FB01897C74100BA81F5 /* ALPValidator.m in Sources */,
				99DC2752189F9DD700F23EC8 /* ALPValidatorDemoSelectViewController.m in Sources */,
				9977469A18C8876E00DF8C31 /* ALPNumericValidator.m in Sources */,
				99EA8FA51897F5550063DD9F /* ALPValidatorCustomRule.m in Sources */,
				999C70721897C45A008CAEE4 /* main.m in Sources */,
				9977469718C8876000DF8C31 /* ALPStringValidator.m in Sources */,
				99333FB61897C74100BA81F5 /* ALPValidatorRule.m in Sources */,
				99333FB11897C74100BA81F5 /* ALPValidatorMaximumLengthRule.m in Sources */,
				99B16B8D189BD736001DBA64 /* ALPValidatorEqualRule.m in Sources */,
				99E36C9618CB0462004B01D2 /* UIControl+ALPValidator.m in Sources */,
				99333FB41897C74100BA81F5 /* ALPValidatorRemoteRule.m in Sources */,
				99DC2755189F9DFA00F23EC8 /* ALPValidatorDemoTextFieldViewController.m in Sources */,
				99333FB51897C74100BA81F5 /* ALPValidatorRequiredRule.m in Sources */,
			);
			runOnlyForDeploymentPostprocessing = 0;
		};
		999C707F1897C45A008CAEE4 /* Sources */ = {
			isa = PBXSourcesBuildPhase;
			buildActionMask = 2147483647;
			files = (
				99BCA2E718E72E9400D8C57C /* ALPValidatorCustomRuleSpec.m in Sources */,
				99BCA2E918E72EA400D8C57C /* ALPValidatorRemoteRuleSpec.m in Sources */,
				99BCA2DD18E72E2A00D8C57C /* ALPValidatorMaximumLengthRuleSpec.m in Sources */,
				99BCA2D918E72DB200D8C57C /* ALPValidatorRequiredRuleSpec.m in Sources */,
				99BCA2E518E72E8800D8C57C /* ALPValidatorRegularExpressionRuleSpec.m in Sources */,
				9951643F1897D17700E73735 /* ALPValidatorSpec.m in Sources */,
				99BCA2E118E72E6A00D8C57C /* ALPValidatorRangeRuleSpec.m in Sources */,
				99BCA2E318E72E7800D8C57C /* ALPValidatotEqualRuleSpec.m in Sources */,
				99BCA2DB18E72E0B00D8C57C /* ALPValidatorMinimumLengthRuleSpec.m in Sources */,
				9901AAD518E7359A004CFB20 /* UIControlPlusALPValidatorSpec.m in Sources */,
			);
			runOnlyForDeploymentPostprocessing = 0;
		};
/* End PBXSourcesBuildPhase section */

/* Begin PBXTargetDependency section */
		999C70891897C45A008CAEE4 /* PBXTargetDependency */ = {
			isa = PBXTargetDependency;
			target = 999C70611897C45A008CAEE4 /* ALPValidator */;
			targetProxy = 999C70881897C45A008CAEE4 /* PBXContainerItemProxy */;
		};
/* End PBXTargetDependency section */

/* Begin PBXVariantGroup section */
		999C706E1897C45A008CAEE4 /* InfoPlist.strings */ = {
			isa = PBXVariantGroup;
			children = (
				999C706F1897C45A008CAEE4 /* en */,
			);
			name = InfoPlist.strings;
			sourceTree = "<group>";
		};
		999C708D1897C45A008CAEE4 /* InfoPlist.strings */ = {
			isa = PBXVariantGroup;
			children = (
				999C708E1897C45A008CAEE4 /* en */,
			);
			name = InfoPlist.strings;
			sourceTree = "<group>";
		};
/* End PBXVariantGroup section */

/* Begin XCBuildConfiguration section */
		999C70921897C45A008CAEE4 /* Debug */ = {
			isa = XCBuildConfiguration;
			buildSettings = {
				ALWAYS_SEARCH_USER_PATHS = NO;
				CLANG_CXX_LANGUAGE_STANDARD = "gnu++0x";
				CLANG_CXX_LIBRARY = "libc++";
				CLANG_ENABLE_MODULES = YES;
				CLANG_ENABLE_OBJC_ARC = YES;
				CLANG_WARN_BOOL_CONVERSION = YES;
				CLANG_WARN_CONSTANT_CONVERSION = YES;
				CLANG_WARN_DIRECT_OBJC_ISA_USAGE = YES_ERROR;
				CLANG_WARN_EMPTY_BODY = YES;
				CLANG_WARN_ENUM_CONVERSION = YES;
				CLANG_WARN_INT_CONVERSION = YES;
				CLANG_WARN_OBJC_ROOT_CLASS = YES_ERROR;
				CLANG_WARN__DUPLICATE_METHOD_MATCH = YES;
				"CODE_SIGN_IDENTITY[sdk=iphoneos*]" = "iPhone Developer";
				COPY_PHASE_STRIP = NO;
				GCC_C_LANGUAGE_STANDARD = gnu99;
				GCC_DYNAMIC_NO_PIC = NO;
				GCC_OPTIMIZATION_LEVEL = 0;
				GCC_PREFIX_HEADER = "ALPValidatorExample/ALPValidator-Prefix.pch";
				GCC_PREPROCESSOR_DEFINITIONS = (
					"DEBUG=1",
					"$(inherited)",
				);
				GCC_SYMBOLS_PRIVATE_EXTERN = NO;
				GCC_WARN_64_TO_32_BIT_CONVERSION = YES;
				GCC_WARN_ABOUT_RETURN_TYPE = YES_ERROR;
				GCC_WARN_UNDECLARED_SELECTOR = YES;
				GCC_WARN_UNINITIALIZED_AUTOS = YES;
				GCC_WARN_UNUSED_FUNCTION = YES;
				GCC_WARN_UNUSED_VARIABLE = YES;
				IPHONEOS_DEPLOYMENT_TARGET = 7.0;
				ONLY_ACTIVE_ARCH = YES;
				SDKROOT = iphoneos;
			};
			name = Debug;
		};
		999C70931897C45A008CAEE4 /* Release */ = {
			isa = XCBuildConfiguration;
			buildSettings = {
				ALWAYS_SEARCH_USER_PATHS = NO;
				CLANG_CXX_LANGUAGE_STANDARD = "gnu++0x";
				CLANG_CXX_LIBRARY = "libc++";
				CLANG_ENABLE_MODULES = YES;
				CLANG_ENABLE_OBJC_ARC = YES;
				CLANG_WARN_BOOL_CONVERSION = YES;
				CLANG_WARN_CONSTANT_CONVERSION = YES;
				CLANG_WARN_DIRECT_OBJC_ISA_USAGE = YES_ERROR;
				CLANG_WARN_EMPTY_BODY = YES;
				CLANG_WARN_ENUM_CONVERSION = YES;
				CLANG_WARN_INT_CONVERSION = YES;
				CLANG_WARN_OBJC_ROOT_CLASS = YES_ERROR;
				CLANG_WARN__DUPLICATE_METHOD_MATCH = YES;
				"CODE_SIGN_IDENTITY[sdk=iphoneos*]" = "iPhone Developer";
				COPY_PHASE_STRIP = YES;
				ENABLE_NS_ASSERTIONS = NO;
				GCC_C_LANGUAGE_STANDARD = gnu99;
				GCC_PREFIX_HEADER = "ALPValidatorExample/ALPValidator-Prefix.pch";
				GCC_WARN_64_TO_32_BIT_CONVERSION = YES;
				GCC_WARN_ABOUT_RETURN_TYPE = YES_ERROR;
				GCC_WARN_UNDECLARED_SELECTOR = YES;
				GCC_WARN_UNINITIALIZED_AUTOS = YES;
				GCC_WARN_UNUSED_FUNCTION = YES;
				GCC_WARN_UNUSED_VARIABLE = YES;
				IPHONEOS_DEPLOYMENT_TARGET = 7.0;
				SDKROOT = iphoneos;
				VALIDATE_PRODUCT = YES;
			};
			name = Release;
		};
		999C70951897C45A008CAEE4 /* Debug */ = {
			isa = XCBuildConfiguration;
			buildSettings = {
				ASSETCATALOG_COMPILER_APPICON_NAME = AppIcon;
				ASSETCATALOG_COMPILER_LAUNCHIMAGE_NAME = LaunchImage;
				GCC_PRECOMPILE_PREFIX_HEADER = YES;
				GCC_PREFIX_HEADER = "$(inherited)";
				INFOPLIST_FILE = "ALPValidatorExample/ALPValidator-Info.plist";
				IPHONEOS_DEPLOYMENT_TARGET = 6.0;
				PRODUCT_NAME = "$(TARGET_NAME)";
				WRAPPER_EXTENSION = app;
			};
			name = Debug;
		};
		999C70961897C45A008CAEE4 /* Release */ = {
			isa = XCBuildConfiguration;
			buildSettings = {
				ASSETCATALOG_COMPILER_APPICON_NAME = AppIcon;
				ASSETCATALOG_COMPILER_LAUNCHIMAGE_NAME = LaunchImage;
				GCC_PRECOMPILE_PREFIX_HEADER = YES;
				GCC_PREFIX_HEADER = "$(inherited)";
				INFOPLIST_FILE = "ALPValidatorExample/ALPValidator-Info.plist";
				IPHONEOS_DEPLOYMENT_TARGET = 6.0;
				PRODUCT_NAME = "$(TARGET_NAME)";
				WRAPPER_EXTENSION = app;
			};
			name = Release;
		};
		999C70981897C45A008CAEE4 /* Debug */ = {
			isa = XCBuildConfiguration;
			baseConfigurationReference = 65EBC2426EE8480EA88DDF00 /* Pods-ALPValidatorTests.xcconfig */;
			buildSettings = {
				BUNDLE_LOADER = "$(BUILT_PRODUCTS_DIR)/ALPValidator.app/ALPValidator";
				FRAMEWORK_SEARCH_PATHS = (
					"$(SDKROOT)/Developer/Library/Frameworks",
					"$(inherited)",
					"$(DEVELOPER_FRAMEWORKS_DIR)",
				);
				GCC_PRECOMPILE_PREFIX_HEADER = YES;
				GCC_PREFIX_HEADER = "$(inherited)";
				GCC_PREPROCESSOR_DEFINITIONS = (
					"DEBUG=1",
					"$(inherited)",
					"TEST=1",
				);
				INFOPLIST_FILE = "ALPValidatorTestTarget/ALPValidatorTests-Info.plist";
				OTHER_LDFLAGS = (
					"$(inherited)",
					"-framework",
					XCTest,
				);
				PRODUCT_NAME = "$(TARGET_NAME)";
				TEST_HOST = "$(BUNDLE_LOADER)";
				WRAPPER_EXTENSION = xctest;
			};
			name = Debug;
		};
		999C70991897C45A008CAEE4 /* Release */ = {
			isa = XCBuildConfiguration;
			baseConfigurationReference = 65EBC2426EE8480EA88DDF00 /* Pods-ALPValidatorTests.xcconfig */;
			buildSettings = {
				BUNDLE_LOADER = "$(BUILT_PRODUCTS_DIR)/ALPValidator.app/ALPValidator";
				FRAMEWORK_SEARCH_PATHS = (
					"$(SDKROOT)/Developer/Library/Frameworks",
					"$(inherited)",
					"$(DEVELOPER_FRAMEWORKS_DIR)",
				);
				GCC_PRECOMPILE_PREFIX_HEADER = YES;
				GCC_PREFIX_HEADER = "$(inherited)";
				GCC_PREPROCESSOR_DEFINITIONS = (
					"$(inherited)",
					"COCOAPODS=1",
					"TEST=1",
				);
				INFOPLIST_FILE = "ALPValidatorTestTarget/ALPValidatorTests-Info.plist";
				OTHER_LDFLAGS = (
					"$(inherited)",
					"-framework",
					XCTest,
				);
				PRODUCT_NAME = "$(TARGET_NAME)";
				TEST_HOST = "$(BUNDLE_LOADER)";
				WRAPPER_EXTENSION = xctest;
			};
			name = Release;
		};
/* End XCBuildConfiguration section */

/* Begin XCConfigurationList section */
		999C705D1897C45A008CAEE4 /* Build configuration list for PBXProject "ALPValidator" */ = {
			isa = XCConfigurationList;
			buildConfigurations = (
				999C70921897C45A008CAEE4 /* Debug */,
				999C70931897C45A008CAEE4 /* Release */,
			);
			defaultConfigurationIsVisible = 0;
			defaultConfigurationName = Release;
		};
		999C70941897C45A008CAEE4 /* Build configuration list for PBXNativeTarget "ALPValidator" */ = {
			isa = XCConfigurationList;
			buildConfigurations = (
				999C70951897C45A008CAEE4 /* Debug */,
				999C70961897C45A008CAEE4 /* Release */,
			);
			defaultConfigurationIsVisible = 0;
			defaultConfigurationName = Release;
		};
		999C70971897C45A008CAEE4 /* Build configuration list for PBXNativeTarget "ALPValidatorTests" */ = {
			isa = XCConfigurationList;
			buildConfigurations = (
				999C70981897C45A008CAEE4 /* Debug */,
				999C70991897C45A008CAEE4 /* Release */,
			);
			defaultConfigurationIsVisible = 0;
			defaultConfigurationName = Release;
		};
/* End XCConfigurationList section */
	};
	rootObject = 999C705A1897C45A008CAEE4 /* Project object */;
}
