// !$*UTF8*$!
{
	archiveVersion = 1;
	classes = {
	};
	objectVersion = 46;
	objects = {

/* Begin PBXBuildFile section */
		99258E6218A004D900F4407A /* README.md in Resources */ = {isa = PBXBuildFile; fileRef = 99258E6118A004D900F4407A /* README.md */; };
		996564C41A96038E00102D94 /* AJWNumericValidator.m in Sources */ = {isa = PBXBuildFile; fileRef = 996564AA1A96038E00102D94 /* AJWNumericValidator.m */; };
		996564C51A96038E00102D94 /* AJWStringValidator.m in Sources */ = {isa = PBXBuildFile; fileRef = 996564AC1A96038E00102D94 /* AJWStringValidator.m */; };
		996564C61A96038E00102D94 /* AJWValidator.m in Sources */ = {isa = PBXBuildFile; fileRef = 996564AF1A96038E00102D94 /* AJWValidator.m */; };
		996564C71A96038E00102D94 /* AJWValidatorCustomRule.m in Sources */ = {isa = PBXBuildFile; fileRef = 996564B11A96038E00102D94 /* AJWValidatorCustomRule.m */; };
		996564C81A96038E00102D94 /* AJWValidatorEqualRule.m in Sources */ = {isa = PBXBuildFile; fileRef = 996564B31A96038E00102D94 /* AJWValidatorEqualRule.m */; };
		996564CB1A96038E00102D94 /* AJWValidatorRangeRule.m in Sources */ = {isa = PBXBuildFile; fileRef = 996564B91A96038E00102D94 /* AJWValidatorRangeRule.m */; };
		996564CC1A96038E00102D94 /* AJWValidatorRegularExpressionRule.m in Sources */ = {isa = PBXBuildFile; fileRef = 996564BB1A96038E00102D94 /* AJWValidatorRegularExpressionRule.m */; };
		996564CD1A96038E00102D94 /* AJWValidatorRemoteRule.m in Sources */ = {isa = PBXBuildFile; fileRef = 996564BD1A96038E00102D94 /* AJWValidatorRemoteRule.m */; };
		996564CE1A96038E00102D94 /* AJWValidatorRequiredRule.m in Sources */ = {isa = PBXBuildFile; fileRef = 996564BF1A96038E00102D94 /* AJWValidatorRequiredRule.m */; };
		996564CF1A96038E00102D94 /* AJWValidatorRule.m in Sources */ = {isa = PBXBuildFile; fileRef = 996564C11A96038E00102D94 /* AJWValidatorRule.m */; };
		996564D01A96038E00102D94 /* UIView+AJWValidator.m in Sources */ = {isa = PBXBuildFile; fileRef = 996564C31A96038E00102D94 /* UIView+AJWValidator.m */; };
		997DC6CA1A966F88008CA151 /* AJWValidatorCustomRuleSpec.m in Sources */ = {isa = PBXBuildFile; fileRef = 997DC6BA1A966F88008CA151 /* AJWValidatorCustomRuleSpec.m */; };
		997DC6CB1A966F88008CA151 /* AJWValidatorMaximumLengthRuleSpec.m in Sources */ = {isa = PBXBuildFile; fileRef = 997DC6BB1A966F88008CA151 /* AJWValidatorMaximumLengthRuleSpec.m */; };
		997DC6CC1A966F88008CA151 /* AJWValidatorMinimumLengthRuleSpec.m in Sources */ = {isa = PBXBuildFile; fileRef = 997DC6BC1A966F88008CA151 /* AJWValidatorMinimumLengthRuleSpec.m */; };
		997DC6CD1A966F88008CA151 /* AJWValidatorRangeRuleSpec.m in Sources */ = {isa = PBXBuildFile; fileRef = 997DC6BD1A966F88008CA151 /* AJWValidatorRangeRuleSpec.m */; };
		997DC6CE1A966F88008CA151 /* AJWValidatorRegularExpressionRuleSpec.m in Sources */ = {isa = PBXBuildFile; fileRef = 997DC6BE1A966F88008CA151 /* AJWValidatorRegularExpressionRuleSpec.m */; };
		997DC6CF1A966F88008CA151 /* AJWValidatorRemoteRuleSpec.m in Sources */ = {isa = PBXBuildFile; fileRef = 997DC6BF1A966F88008CA151 /* AJWValidatorRemoteRuleSpec.m */; };
		997DC6D01A966F88008CA151 /* AJWValidatorRequiredRuleSpec.m in Sources */ = {isa = PBXBuildFile; fileRef = 997DC6C01A966F88008CA151 /* AJWValidatorRequiredRuleSpec.m */; };
		997DC6D11A966F88008CA151 /* AJWValidatorSpec.m in Sources */ = {isa = PBXBuildFile; fileRef = 997DC6C11A966F88008CA151 /* AJWValidatorSpec.m */; };
		997DC6D31A966F88008CA151 /* AJWValidatotEqualRuleSpec.m in Sources */ = {isa = PBXBuildFile; fileRef = 997DC6C31A966F88008CA151 /* AJWValidatotEqualRuleSpec.m */; };
		997DC6D41A966F88008CA151 /* InfoPlist.strings in Resources */ = {isa = PBXBuildFile; fileRef = 997DC6C41A966F88008CA151 /* InfoPlist.strings */; };
		997DC6D51A966F88008CA151 /* ajwvalidator-fixture-large-file.png in Resources */ = {isa = PBXBuildFile; fileRef = 997DC6C71A966F88008CA151 /* ajwvalidator-fixture-large-file.png */; };
		997DC6D61A966F88008CA151 /* ajwvalidator-fixture-small-file.png in Resources */ = {isa = PBXBuildFile; fileRef = 997DC6C81A966F88008CA151 /* ajwvalidator-fixture-small-file.png */; };
		997DC6D71A966F88008CA151 /* UIViewPlusAJWValidatorSpec.m in Sources */ = {isa = PBXBuildFile; fileRef = 997DC6C91A966F88008CA151 /* UIViewPlusAJWValidatorSpec.m */; };
		999C70661897C45A008CAEE4 /* Foundation.framework in Frameworks */ = {isa = PBXBuildFile; fileRef = 999C70651897C45A008CAEE4 /* Foundation.framework */; };
		999C70681897C45A008CAEE4 /* CoreGraphics.framework in Frameworks */ = {isa = PBXBuildFile; fileRef = 999C70671897C45A008CAEE4 /* CoreGraphics.framework */; };
		999C706A1897C45A008CAEE4 /* UIKit.framework in Frameworks */ = {isa = PBXBuildFile; fileRef = 999C70691897C45A008CAEE4 /* UIKit.framework */; };
		999C70701897C45A008CAEE4 /* InfoPlist.strings in Resources */ = {isa = PBXBuildFile; fileRef = 999C706E1897C45A008CAEE4 /* InfoPlist.strings */; };
		999C70721897C45A008CAEE4 /* main.m in Sources */ = {isa = PBXBuildFile; fileRef = 999C70711897C45A008CAEE4 /* main.m */; };
		999C70761897C45A008CAEE4 /* AJWValidatorDemoAppDelegate.m in Sources */ = {isa = PBXBuildFile; fileRef = 999C70751897C45A008CAEE4 /* AJWValidatorDemoAppDelegate.m */; };
		999C707E1897C45A008CAEE4 /* Images.xcassets in Resources */ = {isa = PBXBuildFile; fileRef = 999C707D1897C45A008CAEE4 /* Images.xcassets */; };
		999C70851897C45A008CAEE4 /* XCTest.framework in Frameworks */ = {isa = PBXBuildFile; fileRef = 999C70841897C45A008CAEE4 /* XCTest.framework */; };
		999C70861897C45A008CAEE4 /* Foundation.framework in Frameworks */ = {isa = PBXBuildFile; fileRef = 999C70651897C45A008CAEE4 /* Foundation.framework */; };
		999C70871897C45A008CAEE4 /* UIKit.framework in Frameworks */ = {isa = PBXBuildFile; fileRef = 999C70691897C45A008CAEE4 /* UIKit.framework */; };
		99DC274F189F9DB800F23EC8 /* AJWValidatorDemo.storyboard in Resources */ = {isa = PBXBuildFile; fileRef = 99DC274E189F9DB800F23EC8 /* AJWValidatorDemo.storyboard */; };
		99DC2752189F9DD700F23EC8 /* AJWValidatorDemoSelectViewController.m in Sources */ = {isa = PBXBuildFile; fileRef = 99DC2751189F9DD700F23EC8 /* AJWValidatorDemoSelectViewController.m */; };
		99DC2755189F9DFA00F23EC8 /* AJWValidatorDemoTextFieldViewController.m in Sources */ = {isa = PBXBuildFile; fileRef = 99DC2754189F9DFA00F23EC8 /* AJWValidatorDemoTextFieldViewController.m */; };
		99DD2F151A12E504003DB8A2 /* Launch Screen.xib in Resources */ = {isa = PBXBuildFile; fileRef = 99DD2F141A12E504003DB8A2 /* Launch Screen.xib */; };
		D62C2BE6242816C21BFDB6AC /* libPods-AJWValidatorTests.a in Frameworks */ = {isa = PBXBuildFile; fileRef = B833ACD3109F7C21F50C0D8E /* libPods-AJWValidatorTests.a */; };
/* End PBXBuildFile section */

/* Begin PBXContainerItemProxy section */
		999C70881897C45A008CAEE4 /* PBXContainerItemProxy */ = {
			isa = PBXContainerItemProxy;
			containerPortal = 999C705A1897C45A008CAEE4 /* Project object */;
			proxyType = 1;
			remoteGlobalIDString = 999C70611897C45A008CAEE4;
			remoteInfo = ALPValidator;
		};
/* End PBXContainerItemProxy section */

/* Begin PBXFileReference section */
		11A54FF8F51E128C3144B94E /* Pods-ALPValidatorTests.release.xcconfig */ = {isa = PBXFileReference; includeInIndex = 1; lastKnownFileType = text.xcconfig; name = "Pods-ALPValidatorTests.release.xcconfig"; path = "Pods/Target Support Files/Pods-ALPValidatorTests/Pods-ALPValidatorTests.release.xcconfig"; sourceTree = "<group>"; };
		3D1B6B1526B4EC0A5512E79A /* Pods-AJWValidatorTests.debug.xcconfig */ = {isa = PBXFileReference; includeInIndex = 1; lastKnownFileType = text.xcconfig; name = "Pods-AJWValidatorTests.debug.xcconfig"; path = "Pods/Target Support Files/Pods-AJWValidatorTests/Pods-AJWValidatorTests.debug.xcconfig"; sourceTree = "<group>"; };
		49B2E1104D44447A9B2625AE /* libPods-ALPValidatorTests.a */ = {isa = PBXFileReference; explicitFileType = archive.ar; includeInIndex = 0; path = "libPods-ALPValidatorTests.a"; sourceTree = BUILT_PRODUCTS_DIR; };
		99258E6118A004D900F4407A /* README.md */ = {isa = PBXFileReference; fileEncoding = 4; lastKnownFileType = text; name = README.md; path = ../README.md; sourceTree = "<group>"; };
		99333FB81897CF3600BA81F5 /* SenTestingKit.framework */ = {isa = PBXFileReference; lastKnownFileType = wrapper.framework; name = SenTestingKit.framework; path = Library/Frameworks/SenTestingKit.framework; sourceTree = DEVELOPER_DIR; };
		996564A91A96038E00102D94 /* AJWNumericValidator.h */ = {isa = PBXFileReference; fileEncoding = 4; lastKnownFileType = sourcecode.c.h; path = AJWNumericValidator.h; sourceTree = "<group>"; };
		996564AA1A96038E00102D94 /* AJWNumericValidator.m */ = {isa = PBXFileReference; fileEncoding = 4; lastKnownFileType = sourcecode.c.objc; path = AJWNumericValidator.m; sourceTree = "<group>"; };
		996564AB1A96038E00102D94 /* AJWStringValidator.h */ = {isa = PBXFileReference; fileEncoding = 4; lastKnownFileType = sourcecode.c.h; path = AJWStringValidator.h; sourceTree = "<group>"; };
		996564AC1A96038E00102D94 /* AJWStringValidator.m */ = {isa = PBXFileReference; fileEncoding = 4; lastKnownFileType = sourcecode.c.objc; path = AJWStringValidator.m; sourceTree = "<group>"; };
		996564AD1A96038E00102D94 /* AJWValidator+Private.h */ = {isa = PBXFileReference; fileEncoding = 4; lastKnownFileType = sourcecode.c.h; path = "AJWValidator+Private.h"; sourceTree = "<group>"; };
		996564AE1A96038E00102D94 /* AJWValidator.h */ = {isa = PBXFileReference; fileEncoding = 4; lastKnownFileType = sourcecode.c.h; path = AJWValidator.h; sourceTree = "<group>"; };
		996564AF1A96038E00102D94 /* AJWValidator.m */ = {isa = PBXFileReference; fileEncoding = 4; lastKnownFileType = sourcecode.c.objc; path = AJWValidator.m; sourceTree = "<group>"; };
		996564B01A96038E00102D94 /* AJWValidatorCustomRule.h */ = {isa = PBXFileReference; fileEncoding = 4; lastKnownFileType = sourcecode.c.h; path = AJWValidatorCustomRule.h; sourceTree = "<group>"; };
		996564B11A96038E00102D94 /* AJWValidatorCustomRule.m */ = {isa = PBXFileReference; fileEncoding = 4; lastKnownFileType = sourcecode.c.objc; path = AJWValidatorCustomRule.m; sourceTree = "<group>"; };
		996564B21A96038E00102D94 /* AJWValidatorEqualRule.h */ = {isa = PBXFileReference; fileEncoding = 4; lastKnownFileType = sourcecode.c.h; path = AJWValidatorEqualRule.h; sourceTree = "<group>"; };
		996564B31A96038E00102D94 /* AJWValidatorEqualRule.m */ = {isa = PBXFileReference; fileEncoding = 4; lastKnownFileType = sourcecode.c.objc; path = AJWValidatorEqualRule.m; sourceTree = "<group>"; };
		996564B81A96038E00102D94 /* AJWValidatorRangeRule.h */ = {isa = PBXFileReference; fileEncoding = 4; lastKnownFileType = sourcecode.c.h; path = AJWValidatorRangeRule.h; sourceTree = "<group>"; };
		996564B91A96038E00102D94 /* AJWValidatorRangeRule.m */ = {isa = PBXFileReference; fileEncoding = 4; lastKnownFileType = sourcecode.c.objc; path = AJWValidatorRangeRule.m; sourceTree = "<group>"; };
		996564BA1A96038E00102D94 /* AJWValidatorRegularExpressionRule.h */ = {isa = PBXFileReference; fileEncoding = 4; lastKnownFileType = sourcecode.c.h; path = AJWValidatorRegularExpressionRule.h; sourceTree = "<group>"; };
		996564BB1A96038E00102D94 /* AJWValidatorRegularExpressionRule.m */ = {isa = PBXFileReference; fileEncoding = 4; lastKnownFileType = sourcecode.c.objc; path = AJWValidatorRegularExpressionRule.m; sourceTree = "<group>"; };
		996564BC1A96038E00102D94 /* AJWValidatorRemoteRule.h */ = {isa = PBXFileReference; fileEncoding = 4; lastKnownFileType = sourcecode.c.h; path = AJWValidatorRemoteRule.h; sourceTree = "<group>"; };
		996564BD1A96038E00102D94 /* AJWValidatorRemoteRule.m */ = {isa = PBXFileReference; fileEncoding = 4; lastKnownFileType = sourcecode.c.objc; path = AJWValidatorRemoteRule.m; sourceTree = "<group>"; };
		996564BE1A96038E00102D94 /* AJWValidatorRequiredRule.h */ = {isa = PBXFileReference; fileEncoding = 4; lastKnownFileType = sourcecode.c.h; path = AJWValidatorRequiredRule.h; sourceTree = "<group>"; };
		996564BF1A96038E00102D94 /* AJWValidatorRequiredRule.m */ = {isa = PBXFileReference; fileEncoding = 4; lastKnownFileType = sourcecode.c.objc; path = AJWValidatorRequiredRule.m; sourceTree = "<group>"; };
		996564C01A96038E00102D94 /* AJWValidatorRule.h */ = {isa = PBXFileReference; fileEncoding = 4; lastKnownFileType = sourcecode.c.h; path = AJWValidatorRule.h; sourceTree = "<group>"; };
		996564C11A96038E00102D94 /* AJWValidatorRule.m */ = {isa = PBXFileReference; fileEncoding = 4; lastKnownFileType = sourcecode.c.objc; path = AJWValidatorRule.m; sourceTree = "<group>"; };
		996564C21A96038E00102D94 /* UIView+AJWValidator.h */ = {isa = PBXFileReference; fileEncoding = 4; lastKnownFileType = sourcecode.c.h; path = "UIView+AJWValidator.h"; sourceTree = "<group>"; };
		996564C31A96038E00102D94 /* UIView+AJWValidator.m */ = {isa = PBXFileReference; fileEncoding = 4; lastKnownFileType = sourcecode.c.objc; path = "UIView+AJWValidator.m"; sourceTree = "<group>"; };
		997DC6BA1A966F88008CA151 /* AJWValidatorCustomRuleSpec.m */ = {isa = PBXFileReference; fileEncoding = 4; lastKnownFileType = sourcecode.c.objc; path = AJWValidatorCustomRuleSpec.m; sourceTree = "<group>"; };
		997DC6BB1A966F88008CA151 /* AJWValidatorMaximumLengthRuleSpec.m */ = {isa = PBXFileReference; fileEncoding = 4; lastKnownFileType = sourcecode.c.objc; path = AJWValidatorMaximumLengthRuleSpec.m; sourceTree = "<group>"; };
		997DC6BC1A966F88008CA151 /* AJWValidatorMinimumLengthRuleSpec.m */ = {isa = PBXFileReference; fileEncoding = 4; lastKnownFileType = sourcecode.c.objc; path = AJWValidatorMinimumLengthRuleSpec.m; sourceTree = "<group>"; };
		997DC6BD1A966F88008CA151 /* AJWValidatorRangeRuleSpec.m */ = {isa = PBXFileReference; fileEncoding = 4; lastKnownFileType = sourcecode.c.objc; path = AJWValidatorRangeRuleSpec.m; sourceTree = "<group>"; };
		997DC6BE1A966F88008CA151 /* AJWValidatorRegularExpressionRuleSpec.m */ = {isa = PBXFileReference; fileEncoding = 4; lastKnownFileType = sourcecode.c.objc; path = AJWValidatorRegularExpressionRuleSpec.m; sourceTree = "<group>"; };
		997DC6BF1A966F88008CA151 /* AJWValidatorRemoteRuleSpec.m */ = {isa = PBXFileReference; fileEncoding = 4; lastKnownFileType = sourcecode.c.objc; path = AJWValidatorRemoteRuleSpec.m; sourceTree = "<group>"; };
		997DC6C01A966F88008CA151 /* AJWValidatorRequiredRuleSpec.m */ = {isa = PBXFileReference; fileEncoding = 4; lastKnownFileType = sourcecode.c.objc; path = AJWValidatorRequiredRuleSpec.m; sourceTree = "<group>"; };
		997DC6C11A966F88008CA151 /* AJWValidatorSpec.m */ = {isa = PBXFileReference; fileEncoding = 4; lastKnownFileType = sourcecode.c.objc; path = AJWValidatorSpec.m; sourceTree = "<group>"; };
		997DC6C21A966F88008CA151 /* AJWValidatorTests-Info.plist */ = {isa = PBXFileReference; fileEncoding = 4; lastKnownFileType = text.plist.xml; path = "AJWValidatorTests-Info.plist"; sourceTree = "<group>"; };
		997DC6C31A966F88008CA151 /* AJWValidatotEqualRuleSpec.m */ = {isa = PBXFileReference; fileEncoding = 4; lastKnownFileType = sourcecode.c.objc; path = AJWValidatotEqualRuleSpec.m; sourceTree = "<group>"; };
		997DC6C51A966F88008CA151 /* en */ = {isa = PBXFileReference; lastKnownFileType = text.plist.strings; name = en; path = en.lproj/InfoPlist.strings; sourceTree = "<group>"; };
		997DC6C71A966F88008CA151 /* ajwvalidator-fixture-large-file.png */ = {isa = PBXFileReference; lastKnownFileType = image.png; path = "ajwvalidator-fixture-large-file.png"; sourceTree = "<group>"; };
		997DC6C81A966F88008CA151 /* ajwvalidator-fixture-small-file.png */ = {isa = PBXFileReference; lastKnownFileType = image.png; path = "ajwvalidator-fixture-small-file.png"; sourceTree = "<group>"; };
		997DC6C91A966F88008CA151 /* UIViewPlusAJWValidatorSpec.m */ = {isa = PBXFileReference; fileEncoding = 4; lastKnownFileType = sourcecode.c.objc; path = UIViewPlusAJWValidatorSpec.m; sourceTree = "<group>"; };
		999C70621897C45A008CAEE4 /* AJWValidator.app */ = {isa = PBXFileReference; explicitFileType = wrapper.application; includeInIndex = 0; path = AJWValidator.app; sourceTree = BUILT_PRODUCTS_DIR; };
		999C70651897C45A008CAEE4 /* Foundation.framework */ = {isa = PBXFileReference; lastKnownFileType = wrapper.framework; name = Foundation.framework; path = System/Library/Frameworks/Foundation.framework; sourceTree = SDKROOT; };
		999C70671897C45A008CAEE4 /* CoreGraphics.framework */ = {isa = PBXFileReference; lastKnownFileType = wrapper.framework; name = CoreGraphics.framework; path = System/Library/Frameworks/CoreGraphics.framework; sourceTree = SDKROOT; };
		999C70691897C45A008CAEE4 /* UIKit.framework */ = {isa = PBXFileReference; lastKnownFileType = wrapper.framework; name = UIKit.framework; path = System/Library/Frameworks/UIKit.framework; sourceTree = SDKROOT; };
		999C706D1897C45A008CAEE4 /* AJWValidator-Info.plist */ = {isa = PBXFileReference; lastKnownFileType = text.plist.xml; path = "AJWValidator-Info.plist"; sourceTree = "<group>"; };
		999C706F1897C45A008CAEE4 /* en */ = {isa = PBXFileReference; lastKnownFileType = text.plist.strings; name = en; path = en.lproj/InfoPlist.strings; sourceTree = "<group>"; };
		999C70711897C45A008CAEE4 /* main.m */ = {isa = PBXFileReference; lastKnownFileType = sourcecode.c.objc; path = main.m; sourceTree = "<group>"; };
		999C70731897C45A008CAEE4 /* AJWValidator-Prefix.pch */ = {isa = PBXFileReference; lastKnownFileType = sourcecode.c.h; path = "AJWValidator-Prefix.pch"; sourceTree = "<group>"; };
		999C70741897C45A008CAEE4 /* AJWValidatorDemoAppDelegate.h */ = {isa = PBXFileReference; lastKnownFileType = sourcecode.c.h; path = AJWValidatorDemoAppDelegate.h; sourceTree = "<group>"; };
		999C70751897C45A008CAEE4 /* AJWValidatorDemoAppDelegate.m */ = {isa = PBXFileReference; lastKnownFileType = sourcecode.c.objc; path = AJWValidatorDemoAppDelegate.m; sourceTree = "<group>"; };
		999C707D1897C45A008CAEE4 /* Images.xcassets */ = {isa = PBXFileReference; lastKnownFileType = folder.assetcatalog; path = Images.xcassets; sourceTree = "<group>"; };
		999C70831897C45A008CAEE4 /* AJWValidatorTests.xctest */ = {isa = PBXFileReference; explicitFileType = wrapper.cfbundle; includeInIndex = 0; path = AJWValidatorTests.xctest; sourceTree = BUILT_PRODUCTS_DIR; };
		999C70841897C45A008CAEE4 /* XCTest.framework */ = {isa = PBXFileReference; lastKnownFileType = wrapper.framework; name = XCTest.framework; path = Library/Frameworks/XCTest.framework; sourceTree = DEVELOPER_DIR; };
		99DC274E189F9DB800F23EC8 /* AJWValidatorDemo.storyboard */ = {isa = PBXFileReference; fileEncoding = 4; lastKnownFileType = file.storyboard; path = AJWValidatorDemo.storyboard; sourceTree = "<group>"; };
		99DC2750189F9DD700F23EC8 /* AJWValidatorDemoSelectViewController.h */ = {isa = PBXFileReference; fileEncoding = 4; lastKnownFileType = sourcecode.c.h; path = AJWValidatorDemoSelectViewController.h; sourceTree = "<group>"; };
		99DC2751189F9DD700F23EC8 /* AJWValidatorDemoSelectViewController.m */ = {isa = PBXFileReference; fileEncoding = 4; lastKnownFileType = sourcecode.c.objc; path = AJWValidatorDemoSelectViewController.m; sourceTree = "<group>"; };
		99DC2753189F9DFA00F23EC8 /* AJWValidatorDemoTextFieldViewController.h */ = {isa = PBXFileReference; fileEncoding = 4; lastKnownFileType = sourcecode.c.h; path = AJWValidatorDemoTextFieldViewController.h; sourceTree = "<group>"; };
		99DC2754189F9DFA00F23EC8 /* AJWValidatorDemoTextFieldViewController.m */ = {isa = PBXFileReference; fileEncoding = 4; lastKnownFileType = sourcecode.c.objc; path = AJWValidatorDemoTextFieldViewController.m; sourceTree = "<group>"; };
		99DD2F141A12E504003DB8A2 /* Launch Screen.xib */ = {isa = PBXFileReference; fileEncoding = 4; lastKnownFileType = file.xib; path = "Launch Screen.xib"; sourceTree = "<group>"; };
		B833ACD3109F7C21F50C0D8E /* libPods-AJWValidatorTests.a */ = {isa = PBXFileReference; explicitFileType = archive.ar; includeInIndex = 0; path = "libPods-AJWValidatorTests.a"; sourceTree = BUILT_PRODUCTS_DIR; };
		C472476B7991A8B7B8DA04CA /* Pods-ALPValidatorTests.debug.xcconfig */ = {isa = PBXFileReference; includeInIndex = 1; lastKnownFileType = text.xcconfig; name = "Pods-ALPValidatorTests.debug.xcconfig"; path = "Pods/Target Support Files/Pods-ALPValidatorTests/Pods-ALPValidatorTests.debug.xcconfig"; sourceTree = "<group>"; };
		E5D472573E538E1D7067FB66 /* Pods-AJWValidatorTests.release.xcconfig */ = {isa = PBXFileReference; includeInIndex = 1; lastKnownFileType = text.xcconfig; name = "Pods-AJWValidatorTests.release.xcconfig"; path = "Pods/Target Support Files/Pods-AJWValidatorTests/Pods-AJWValidatorTests.release.xcconfig"; sourceTree = "<group>"; };
/* End PBXFileReference section */

/* Begin PBXFrameworksBuildPhase section */
		999C705F1897C45A008CAEE4 /* Frameworks */ = {
			isa = PBXFrameworksBuildPhase;
			buildActionMask = 2147483647;
			files = (
				999C70681897C45A008CAEE4 /* CoreGraphics.framework in Frameworks */,
				999C706A1897C45A008CAEE4 /* UIKit.framework in Frameworks */,
				999C70661897C45A008CAEE4 /* Foundation.framework in Frameworks */,
			);
			runOnlyForDeploymentPostprocessing = 0;
		};
		999C70801897C45A008CAEE4 /* Frameworks */ = {
			isa = PBXFrameworksBuildPhase;
			buildActionMask = 2147483647;
			files = (
				999C70851897C45A008CAEE4 /* XCTest.framework in Frameworks */,
				999C70871897C45A008CAEE4 /* UIKit.framework in Frameworks */,
				999C70861897C45A008CAEE4 /* Foundation.framework in Frameworks */,
				D62C2BE6242816C21BFDB6AC /* libPods-AJWValidatorTests.a in Frameworks */,
			);
			runOnlyForDeploymentPostprocessing = 0;
		};
/* End PBXFrameworksBuildPhase section */

/* Begin PBXGroup section */
		7B03FC614758CB9BBFD4E431 /* Pods */ = {
			isa = PBXGroup;
			children = (
				C472476B7991A8B7B8DA04CA /* Pods-ALPValidatorTests.debug.xcconfig */,
				11A54FF8F51E128C3144B94E /* Pods-ALPValidatorTests.release.xcconfig */,
				3D1B6B1526B4EC0A5512E79A /* Pods-AJWValidatorTests.debug.xcconfig */,
				E5D472573E538E1D7067FB66 /* Pods-AJWValidatorTests.release.xcconfig */,
			);
			name = Pods;
			sourceTree = "<group>";
		};
		996564A81A96038E00102D94 /* AJWValidator */ = {
			isa = PBXGroup;
			children = (
				996564AE1A96038E00102D94 /* AJWValidator.h */,
				996564AF1A96038E00102D94 /* AJWValidator.m */,
				996564AD1A96038E00102D94 /* AJWValidator+Private.h */,
				998EC9A51A9DC89B0033B9B2 /* Validators */,
				998EC9A61A9DC8C70033B9B2 /* Rules */,
				998EC9A71A9DC8D90033B9B2 /* Categories */,
			);
			name = AJWValidator;
			path = ../AJWValidator;
			sourceTree = "<group>";
		};
		997DC6B91A966F88008CA151 /* AJWValidatorTests */ = {
			isa = PBXGroup;
			children = (
				997DC6C21A966F88008CA151 /* AJWValidatorTests-Info.plist */,
				997DC6C41A966F88008CA151 /* InfoPlist.strings */,
				997DC6BA1A966F88008CA151 /* AJWValidatorCustomRuleSpec.m */,
				997DC6BB1A966F88008CA151 /* AJWValidatorMaximumLengthRuleSpec.m */,
				997DC6BC1A966F88008CA151 /* AJWValidatorMinimumLengthRuleSpec.m */,
				997DC6BD1A966F88008CA151 /* AJWValidatorRangeRuleSpec.m */,
				997DC6BE1A966F88008CA151 /* AJWValidatorRegularExpressionRuleSpec.m */,
				997DC6BF1A966F88008CA151 /* AJWValidatorRemoteRuleSpec.m */,
				997DC6C01A966F88008CA151 /* AJWValidatorRequiredRuleSpec.m */,
				997DC6C11A966F88008CA151 /* AJWValidatorSpec.m */,
				997DC6C31A966F88008CA151 /* AJWValidatotEqualRuleSpec.m */,
				997DC6C91A966F88008CA151 /* UIViewPlusAJWValidatorSpec.m */,
				997DC6C61A966F88008CA151 /* fixtures */,
			);
			path = AJWValidatorTests;
			sourceTree = SOURCE_ROOT;
		};
		997DC6C61A966F88008CA151 /* fixtures */ = {
			isa = PBXGroup;
			children = (
				997DC6C71A966F88008CA151 /* ajwvalidator-fixture-large-file.png */,
				997DC6C81A966F88008CA151 /* ajwvalidator-fixture-small-file.png */,
			);
			path = fixtures;
			sourceTree = "<group>";
		};
		998EC9A51A9DC89B0033B9B2 /* Validators */ = {
			isa = PBXGroup;
			children = (
				996564AB1A96038E00102D94 /* AJWStringValidator.h */,
				996564AC1A96038E00102D94 /* AJWStringValidator.m */,
				996564A91A96038E00102D94 /* AJWNumericValidator.h */,
				996564AA1A96038E00102D94 /* AJWNumericValidator.m */,
			);
			name = Validators;
			sourceTree = "<group>";
		};
		998EC9A61A9DC8C70033B9B2 /* Rules */ = {
			isa = PBXGroup;
			children = (
				996564C01A96038E00102D94 /* AJWValidatorRule.h */,
				996564C11A96038E00102D94 /* AJWValidatorRule.m */,
				996564BE1A96038E00102D94 /* AJWValidatorRequiredRule.h */,
				996564BF1A96038E00102D94 /* AJWValidatorRequiredRule.m */,
				996564B81A96038E00102D94 /* AJWValidatorRangeRule.h */,
				996564B91A96038E00102D94 /* AJWValidatorRangeRule.m */,
				996564B21A96038E00102D94 /* AJWValidatorEqualRule.h */,
				996564B31A96038E00102D94 /* AJWValidatorEqualRule.m */,
				996564BA1A96038E00102D94 /* AJWValidatorRegularExpressionRule.h */,
				996564BB1A96038E00102D94 /* AJWValidatorRegularExpressionRule.m */,
				996564B01A96038E00102D94 /* AJWValidatorCustomRule.h */,
				996564B11A96038E00102D94 /* AJWValidatorCustomRule.m */,
				996564BC1A96038E00102D94 /* AJWValidatorRemoteRule.h */,
				996564BD1A96038E00102D94 /* AJWValidatorRemoteRule.m */,
			);
			name = Rules;
			sourceTree = "<group>";
		};
		998EC9A71A9DC8D90033B9B2 /* Categories */ = {
			isa = PBXGroup;
			children = (
				996564C21A96038E00102D94 /* UIView+AJWValidator.h */,
				996564C31A96038E00102D94 /* UIView+AJWValidator.m */,
			);
			name = Categories;
			sourceTree = "<group>";
		};
		999C70591897C45A008CAEE4 = {
			isa = PBXGroup;
			children = (
				99258E6118A004D900F4407A /* README.md */,
				996564A81A96038E00102D94 /* AJWValidator */,
				999C706B1897C45A008CAEE4 /* AJWValidatorExample */,
				997DC6B91A966F88008CA151 /* AJWValidatorTests */,
				999C70641897C45A008CAEE4 /* Frameworks */,
				999C70631897C45A008CAEE4 /* Products */,
				7B03FC614758CB9BBFD4E431 /* Pods */,
			);
			sourceTree = "<group>";
		};
		999C70631897C45A008CAEE4 /* Products */ = {
			isa = PBXGroup;
			children = (
				999C70621897C45A008CAEE4 /* AJWValidator.app */,
				999C70831897C45A008CAEE4 /* AJWValidatorTests.xctest */,
			);
			name = Products;
			sourceTree = "<group>";
		};
		999C70641897C45A008CAEE4 /* Frameworks */ = {
			isa = PBXGroup;
			children = (
				99333FB81897CF3600BA81F5 /* SenTestingKit.framework */,
				999C70651897C45A008CAEE4 /* Foundation.framework */,
				999C70671897C45A008CAEE4 /* CoreGraphics.framework */,
				999C70691897C45A008CAEE4 /* UIKit.framework */,
				999C70841897C45A008CAEE4 /* XCTest.framework */,
				49B2E1104D44447A9B2625AE /* libPods-ALPValidatorTests.a */,
				B833ACD3109F7C21F50C0D8E /* libPods-AJWValidatorTests.a */,
			);
			name = Frameworks;
			sourceTree = "<group>";
		};
		999C706B1897C45A008CAEE4 /* AJWValidatorExample */ = {
			isa = PBXGroup;
			children = (
				999C70741897C45A008CAEE4 /* AJWValidatorDemoAppDelegate.h */,
				999C70751897C45A008CAEE4 /* AJWValidatorDemoAppDelegate.m */,
				99DC275A189F9F2600F23EC8 /* Controllers */,
				999C707D1897C45A008CAEE4 /* Images.xcassets */,
				999C706C1897C45A008CAEE4 /* Supporting Files */,
			);
			path = AJWValidatorExample;
			sourceTree = "<group>";
		};
		999C706C1897C45A008CAEE4 /* Supporting Files */ = {
			isa = PBXGroup;
			children = (
				999C706D1897C45A008CAEE4 /* AJWValidator-Info.plist */,
				999C706E1897C45A008CAEE4 /* InfoPlist.strings */,
				999C70711897C45A008CAEE4 /* main.m */,
				999C70731897C45A008CAEE4 /* AJWValidator-Prefix.pch */,
				99DC274E189F9DB800F23EC8 /* AJWValidatorDemo.storyboard */,
				99DD2F141A12E504003DB8A2 /* Launch Screen.xib */,
			);
			name = "Supporting Files";
			sourceTree = "<group>";
		};
		99DC275A189F9F2600F23EC8 /* Controllers */ = {
			isa = PBXGroup;
			children = (
				99DC2750189F9DD700F23EC8 /* AJWValidatorDemoSelectViewController.h */,
				99DC2751189F9DD700F23EC8 /* AJWValidatorDemoSelectViewController.m */,
				99DC2753189F9DFA00F23EC8 /* AJWValidatorDemoTextFieldViewController.h */,
				99DC2754189F9DFA00F23EC8 /* AJWValidatorDemoTextFieldViewController.m */,
			);
			name = Controllers;
			sourceTree = "<group>";
		};
/* End PBXGroup section */

/* Begin PBXNativeTarget section */
		999C70611897C45A008CAEE4 /* AJWValidator */ = {
			isa = PBXNativeTarget;
			buildConfigurationList = 999C70941897C45A008CAEE4 /* Build configuration list for PBXNativeTarget "AJWValidator" */;
			buildPhases = (
				999C705E1897C45A008CAEE4 /* Sources */,
				999C705F1897C45A008CAEE4 /* Frameworks */,
				999C70601897C45A008CAEE4 /* Resources */,
			);
			buildRules = (
			);
			dependencies = (
			);
			name = AJWValidator;
			productName = ALPValidator;
			productReference = 999C70621897C45A008CAEE4 /* AJWValidator.app */;
			productType = "com.apple.product-type.application";
		};
		999C70821897C45A008CAEE4 /* AJWValidatorTests */ = {
			isa = PBXNativeTarget;
			buildConfigurationList = 999C70971897C45A008CAEE4 /* Build configuration list for PBXNativeTarget "AJWValidatorTests" */;
			buildPhases = (
				82852173BDC54D1AA94DD4F4 /* Check Pods Manifest.lock */,
				999C707F1897C45A008CAEE4 /* Sources */,
				999C70801897C45A008CAEE4 /* Frameworks */,
				999C70811897C45A008CAEE4 /* Resources */,
				6CADE3B536DD4DF4BEC8E6DD /* Copy Pods Resources */,
			);
			buildRules = (
			);
			dependencies = (
				999C70891897C45A008CAEE4 /* PBXTargetDependency */,
			);
			name = AJWValidatorTests;
			productName = ALPValidatorTests;
			productReference = 999C70831897C45A008CAEE4 /* AJWValidatorTests.xctest */;
			productType = "com.apple.product-type.bundle.unit-test";
		};
/* End PBXNativeTarget section */

/* Begin PBXProject section */
		999C705A1897C45A008CAEE4 /* Project object */ = {
			isa = PBXProject;
			attributes = {
				CLASSPREFIX = AJW;
				LastUpgradeCheck = 0700;
				ORGANIZATIONNAME = adamjwaite.co.uk;
				TargetAttributes = {
					999C70821897C45A008CAEE4 = {
						TestTargetID = 999C70611897C45A008CAEE4;
					};
				};
			};
			buildConfigurationList = 999C705D1897C45A008CAEE4 /* Build configuration list for PBXProject "AJWValidator" */;
			compatibilityVersion = "Xcode 3.2";
			developmentRegion = English;
			hasScannedForEncodings = 0;
			knownRegions = (
				en,
				Base,
			);
			mainGroup = 999C70591897C45A008CAEE4;
			productRefGroup = 999C70631897C45A008CAEE4 /* Products */;
			projectDirPath = "";
			projectRoot = "";
			targets = (
				999C70611897C45A008CAEE4 /* AJWValidator */,
				999C70821897C45A008CAEE4 /* AJWValidatorTests */,
			);
		};
/* End PBXProject section */

/* Begin PBXResourcesBuildPhase section */
		999C70601897C45A008CAEE4 /* Resources */ = {
			isa = PBXResourcesBuildPhase;
			buildActionMask = 2147483647;
			files = (
				999C707E1897C45A008CAEE4 /* Images.xcassets in Resources */,
				99DC274F189F9DB800F23EC8 /* AJWValidatorDemo.storyboard in Resources */,
				99258E6218A004D900F4407A /* README.md in Resources */,
				999C70701897C45A008CAEE4 /* InfoPlist.strings in Resources */,
				99DD2F151A12E504003DB8A2 /* Launch Screen.xib in Resources */,
			);
			runOnlyForDeploymentPostprocessing = 0;
		};
		999C70811897C45A008CAEE4 /* Resources */ = {
			isa = PBXResourcesBuildPhase;
			buildActionMask = 2147483647;
			files = (
				997DC6D61A966F88008CA151 /* ajwvalidator-fixture-small-file.png in Resources */,
				997DC6D51A966F88008CA151 /* ajwvalidator-fixture-large-file.png in Resources */,
				997DC6D41A966F88008CA151 /* InfoPlist.strings in Resources */,
			);
			runOnlyForDeploymentPostprocessing = 0;
		};
/* End PBXResourcesBuildPhase section */

/* Begin PBXShellScriptBuildPhase section */
		6CADE3B536DD4DF4BEC8E6DD /* Copy Pods Resources */ = {
			isa = PBXShellScriptBuildPhase;
			buildActionMask = 2147483647;
			files = (
			);
			inputPaths = (
			);
			name = "Copy Pods Resources";
			outputPaths = (
			);
			runOnlyForDeploymentPostprocessing = 0;
			shellPath = /bin/sh;
			shellScript = "\"${SRCROOT}/Pods/Target Support Files/Pods-AJWValidatorTests/Pods-AJWValidatorTests-resources.sh\"\n";
			showEnvVarsInLog = 0;
		};
		82852173BDC54D1AA94DD4F4 /* Check Pods Manifest.lock */ = {
			isa = PBXShellScriptBuildPhase;
			buildActionMask = 2147483647;
			files = (
			);
			inputPaths = (
			);
			name = "Check Pods Manifest.lock";
			outputPaths = (
			);
			runOnlyForDeploymentPostprocessing = 0;
			shellPath = /bin/sh;
			shellScript = "diff \"${PODS_ROOT}/../Podfile.lock\" \"${PODS_ROOT}/Manifest.lock\" > /dev/null\nif [[ $? != 0 ]] ; then\n    cat << EOM\nerror: The sandbox is not in sync with the Podfile.lock. Run 'pod install' or update your CocoaPods installation.\nEOM\n    exit 1\nfi\n";
			showEnvVarsInLog = 0;
		};
/* End PBXShellScriptBuildPhase section */

/* Begin PBXSourcesBuildPhase section */
		999C705E1897C45A008CAEE4 /* Sources */ = {
			isa = PBXSourcesBuildPhase;
			buildActionMask = 2147483647;
			files = (
				996564CE1A96038E00102D94 /* AJWValidatorRequiredRule.m in Sources */,
				996564C51A96038E00102D94 /* AJWStringValidator.m in Sources */,
				996564C61A96038E00102D94 /* AJWValidator.m in Sources */,
				999C70761897C45A008CAEE4 /* AJWValidatorDemoAppDelegate.m in Sources */,
				996564C41A96038E00102D94 /* AJWNumericValidator.m in Sources */,
				996564CC1A96038E00102D94 /* AJWValidatorRegularExpressionRule.m in Sources */,
				99DC2752189F9DD700F23EC8 /* AJWValidatorDemoSelectViewController.m in Sources */,
				999C70721897C45A008CAEE4 /* main.m in Sources */,
				996564C71A96038E00102D94 /* AJWValidatorCustomRule.m in Sources */,
				996564D01A96038E00102D94 /* UIView+AJWValidator.m in Sources */,
				99DC2755189F9DFA00F23EC8 /* AJWValidatorDemoTextFieldViewController.m in Sources */,
				996564CD1A96038E00102D94 /* AJWValidatorRemoteRule.m in Sources */,
				996564CF1A96038E00102D94 /* AJWValidatorRule.m in Sources */,
				996564C81A96038E00102D94 /* AJWValidatorEqualRule.m in Sources */,
				996564CB1A96038E00102D94 /* AJWValidatorRangeRule.m in Sources */,
			);
			runOnlyForDeploymentPostprocessing = 0;
		};
		999C707F1897C45A008CAEE4 /* Sources */ = {
			isa = PBXSourcesBuildPhase;
			buildActionMask = 2147483647;
			files = (
				997DC6D11A966F88008CA151 /* AJWValidatorSpec.m in Sources */,
				997DC6CA1A966F88008CA151 /* AJWValidatorCustomRuleSpec.m in Sources */,
				997DC6CB1A966F88008CA151 /* AJWValidatorMaximumLengthRuleSpec.m in Sources */,
				997DC6D71A966F88008CA151 /* UIViewPlusAJWValidatorSpec.m in Sources */,
				997DC6D31A966F88008CA151 /* AJWValidatotEqualRuleSpec.m in Sources */,
				997DC6D01A966F88008CA151 /* AJWValidatorRequiredRuleSpec.m in Sources */,
				997DC6CF1A966F88008CA151 /* AJWValidatorRemoteRuleSpec.m in Sources */,
				997DC6CD1A966F88008CA151 /* AJWValidatorRangeRuleSpec.m in Sources */,
				997DC6CC1A966F88008CA151 /* AJWValidatorMinimumLengthRuleSpec.m in Sources */,
				997DC6CE1A966F88008CA151 /* AJWValidatorRegularExpressionRuleSpec.m in Sources */,
			);
			runOnlyForDeploymentPostprocessing = 0;
		};
/* End PBXSourcesBuildPhase section */

/* Begin PBXTargetDependency section */
		999C70891897C45A008CAEE4 /* PBXTargetDependency */ = {
			isa = PBXTargetDependency;
			target = 999C70611897C45A008CAEE4 /* AJWValidator */;
			targetProxy = 999C70881897C45A008CAEE4 /* PBXContainerItemProxy */;
		};
/* End PBXTargetDependency section */

/* Begin PBXVariantGroup section */
		997DC6C41A966F88008CA151 /* InfoPlist.strings */ = {
			isa = PBXVariantGroup;
			children = (
				997DC6C51A966F88008CA151 /* en */,
			);
			name = InfoPlist.strings;
			sourceTree = "<group>";
		};
		999C706E1897C45A008CAEE4 /* InfoPlist.strings */ = {
			isa = PBXVariantGroup;
			children = (
				999C706F1897C45A008CAEE4 /* en */,
			);
			name = InfoPlist.strings;
			sourceTree = "<group>";
		};
/* End PBXVariantGroup section */

/* Begin XCBuildConfiguration section */
		999C70921897C45A008CAEE4 /* Debug */ = {
			isa = XCBuildConfiguration;
			buildSettings = {
				ALWAYS_SEARCH_USER_PATHS = NO;
				CLANG_CXX_LANGUAGE_STANDARD = "gnu++0x";
				CLANG_CXX_LIBRARY = "libc++";
				CLANG_ENABLE_MODULES = YES;
				CLANG_ENABLE_OBJC_ARC = YES;
				CLANG_WARN_BOOL_CONVERSION = YES;
				CLANG_WARN_CONSTANT_CONVERSION = YES;
				CLANG_WARN_DIRECT_OBJC_ISA_USAGE = YES_ERROR;
				CLANG_WARN_EMPTY_BODY = YES;
				CLANG_WARN_ENUM_CONVERSION = YES;
				CLANG_WARN_INT_CONVERSION = YES;
				CLANG_WARN_OBJC_ROOT_CLASS = YES_ERROR;
				CLANG_WARN__DUPLICATE_METHOD_MATCH = YES;
				"CODE_SIGN_IDENTITY[sdk=iphoneos*]" = "iPhone Developer";
				COPY_PHASE_STRIP = NO;
				ENABLE_TESTABILITY = YES;
				GCC_C_LANGUAGE_STANDARD = gnu99;
				GCC_DYNAMIC_NO_PIC = NO;
				GCC_OPTIMIZATION_LEVEL = 0;
				GCC_PREFIX_HEADER = "AJWValidatorExample/AJWValidator-Prefix.pch";
				GCC_PREPROCESSOR_DEFINITIONS = (
					"DEBUG=1",
					"$(inherited)",
				);
				GCC_SYMBOLS_PRIVATE_EXTERN = NO;
				GCC_WARN_64_TO_32_BIT_CONVERSION = YES;
				GCC_WARN_ABOUT_RETURN_TYPE = YES_ERROR;
				GCC_WARN_UNDECLARED_SELECTOR = YES;
				GCC_WARN_UNINITIALIZED_AUTOS = YES;
				GCC_WARN_UNUSED_FUNCTION = YES;
				GCC_WARN_UNUSED_VARIABLE = YES;
				IPHONEOS_DEPLOYMENT_TARGET = 7.0;
				ONLY_ACTIVE_ARCH = YES;
				SDKROOT = iphoneos;
			};
			name = Debug;
		};
		999C70931897C45A008CAEE4 /* Release */ = {
			isa = XCBuildConfiguration;
			buildSettings = {
				ALWAYS_SEARCH_USER_PATHS = NO;
				CLANG_CXX_LANGUAGE_STANDARD = "gnu++0x";
				CLANG_CXX_LIBRARY = "libc++";
				CLANG_ENABLE_MODULES = YES;
				CLANG_ENABLE_OBJC_ARC = YES;
				CLANG_WARN_BOOL_CONVERSION = YES;
				CLANG_WARN_CONSTANT_CONVERSION = YES;
				CLANG_WARN_DIRECT_OBJC_ISA_USAGE = YES_ERROR;
				CLANG_WARN_EMPTY_BODY = YES;
				CLANG_WARN_ENUM_CONVERSION = YES;
				CLANG_WARN_INT_CONVERSION = YES;
				CLANG_WARN_OBJC_ROOT_CLASS = YES_ERROR;
				CLANG_WARN__DUPLICATE_METHOD_MATCH = YES;
				"CODE_SIGN_IDENTITY[sdk=iphoneos*]" = "iPhone Developer";
				COPY_PHASE_STRIP = YES;
				ENABLE_NS_ASSERTIONS = NO;
				GCC_C_LANGUAGE_STANDARD = gnu99;
				GCC_PREFIX_HEADER = "AJWValidatorExample/AJWValidator-Prefix.pch";
				GCC_WARN_64_TO_32_BIT_CONVERSION = YES;
				GCC_WARN_ABOUT_RETURN_TYPE = YES_ERROR;
				GCC_WARN_UNDECLARED_SELECTOR = YES;
				GCC_WARN_UNINITIALIZED_AUTOS = YES;
				GCC_WARN_UNUSED_FUNCTION = YES;
				GCC_WARN_UNUSED_VARIABLE = YES;
				IPHONEOS_DEPLOYMENT_TARGET = 7.0;
				SDKROOT = iphoneos;
				VALIDATE_PRODUCT = YES;
			};
			name = Release;
		};
		999C70951897C45A008CAEE4 /* Debug */ = {
			isa = XCBuildConfiguration;
			buildSettings = {
				ASSETCATALOG_COMPILER_APPICON_NAME = AppIcon;
				ASSETCATALOG_COMPILER_LAUNCHIMAGE_NAME = LaunchImage;
				GCC_PRECOMPILE_PREFIX_HEADER = YES;
				GCC_PREFIX_HEADER = "$(inherited)";
				INFOPLIST_FILE = "AJWValidatorExample/AJWValidator-Info.plist";
				IPHONEOS_DEPLOYMENT_TARGET = 6.0;
				PRODUCT_BUNDLE_IDENTIFIER = "adamjwaite.${PRODUCT_NAME:rfc1034identifier}";
				PRODUCT_NAME = AJWValidator;
				WRAPPER_EXTENSION = app;
			};
			name = Debug;
		};
		999C70961897C45A008CAEE4 /* Release */ = {
			isa = XCBuildConfiguration;
			buildSettings = {
				ASSETCATALOG_COMPILER_APPICON_NAME = AppIcon;
				ASSETCATALOG_COMPILER_LAUNCHIMAGE_NAME = LaunchImage;
				GCC_PRECOMPILE_PREFIX_HEADER = YES;
				GCC_PREFIX_HEADER = "$(inherited)";
				INFOPLIST_FILE = "AJWValidatorExample/AJWValidator-Info.plist";
				IPHONEOS_DEPLOYMENT_TARGET = 6.0;
				PRODUCT_BUNDLE_IDENTIFIER = "adamjwaite.${PRODUCT_NAME:rfc1034identifier}";
				PRODUCT_NAME = AJWValidator;
				WRAPPER_EXTENSION = app;
			};
			name = Release;
		};
		999C70981897C45A008CAEE4 /* Debug */ = {
			isa = XCBuildConfiguration;
			baseConfigurationReference = 3D1B6B1526B4EC0A5512E79A /* Pods-AJWValidatorTests.debug.xcconfig */;
			buildSettings = {
				BUNDLE_LOADER = "$(BUILT_PRODUCTS_DIR)/AJWValidator.app/AJWValidator";
				FRAMEWORK_SEARCH_PATHS = (
					"$(SDKROOT)/Developer/Library/Frameworks",
					"$(inherited)",
					"$(DEVELOPER_FRAMEWORKS_DIR)",
				);
				GCC_PRECOMPILE_PREFIX_HEADER = YES;
				GCC_PREFIX_HEADER = "$(inherited)";
				GCC_PREPROCESSOR_DEFINITIONS = (
					"DEBUG=1",
					"$(inherited)",
					"TEST=1",
				);
				INFOPLIST_FILE = "AJWValidatorTests/AJWValidatorTests-Info.plist";
				OTHER_LDFLAGS = (
					"$(inherited)",
					"-framework",
					XCTest,
				);
				PRODUCT_BUNDLE_IDENTIFIER = "Alpaca-Labs.${PRODUCT_NAME:rfc1034identifier}";
				PRODUCT_NAME = AJWValidatorTests;
				TEST_HOST = "$(BUNDLE_LOADER)";
				WRAPPER_EXTENSION = xctest;
			};
			name = Debug;
		};
		999C70991897C45A008CAEE4 /* Release */ = {
			isa = XCBuildConfiguration;
			baseConfigurationReference = E5D472573E538E1D7067FB66 /* Pods-AJWValidatorTests.release.xcconfig */;
			buildSettings = {
				BUNDLE_LOADER = "$(BUILT_PRODUCTS_DIR)/AJWValidator.app/AJWValidator";
				FRAMEWORK_SEARCH_PATHS = (
					"$(SDKROOT)/Developer/Library/Frameworks",
					"$(inherited)",
					"$(DEVELOPER_FRAMEWORKS_DIR)",
				);
				GCC_PRECOMPILE_PREFIX_HEADER = YES;
				GCC_PREFIX_HEADER = "$(inherited)";
				GCC_PREPROCESSOR_DEFINITIONS = (
					"$(inherited)",
					"COCOAPODS=1",
					"TEST=1",
				);
				INFOPLIST_FILE = "AJWValidatorTests/AJWValidatorTests-Info.plist";
				OTHER_LDFLAGS = (
					"$(inherited)",
					"-framework",
					XCTest,
				);
				PRODUCT_BUNDLE_IDENTIFIER = "Alpaca-Labs.${PRODUCT_NAME:rfc1034identifier}";
				PRODUCT_NAME = AJWValidatorTests;
				TEST_HOST = "$(BUNDLE_LOADER)";
				WRAPPER_EXTENSION = xctest;
			};
			name = Release;
		};
/* End XCBuildConfiguration section */

/* Begin XCConfigurationList section */
		999C705D1897C45A008CAEE4 /* Build configuration list for PBXProject "AJWValidator" */ = {
			isa = XCConfigurationList;
			buildConfigurations = (
				999C70921897C45A008CAEE4 /* Debug */,
				999C70931897C45A008CAEE4 /* Release */,
			);
			defaultConfigurationIsVisible = 0;
			defaultConfigurationName = Release;
		};
		999C70941897C45A008CAEE4 /* Build configuration list for PBXNativeTarget "AJWValidator" */ = {
			isa = XCConfigurationList;
			buildConfigurations = (
				999C70951897C45A008CAEE4 /* Debug */,
				999C70961897C45A008CAEE4 /* Release */,
			);
			defaultConfigurationIsVisible = 0;
			defaultConfigurationName = Release;
		};
		999C70971897C45A008CAEE4 /* Build configuration list for PBXNativeTarget "AJWValidatorTests" */ = {
			isa = XCConfigurationList;
			buildConfigurations = (
				999C70981897C45A008CAEE4 /* Debug */,
				999C70991897C45A008CAEE4 /* Release */,
			);
			defaultConfigurationIsVisible = 0;
			defaultConfigurationName = Release;
		};
/* End XCConfigurationList section */
	};
	rootObject = 999C705A1897C45A008CAEE4 /* Project object */;
}
