// !$*UTF8*$!
{
	archiveVersion = 1;
	classes = {
	};
	objectVersion = 46;
	objects = {

/* Begin PBXBuildFile section */
		9915CE7A1B519F1E00A033CD /* ValidationRuleEquality.swift in Sources */ = {isa = PBXBuildFile; fileRef = 9915CE791B519F1E00A033CD /* ValidationRuleEquality.swift */; };
		9915CE7C1B51A10700A033CD /* ValidationRuleEqualityTests.swift in Sources */ = {isa = PBXBuildFile; fileRef = 9915CE7B1B51A10700A033CD /* ValidationRuleEqualityTests.swift */; };
		9915CE7E1B51A33C00A033CD /* ListViewController.swift in Sources */ = {isa = PBXBuildFile; fileRef = 9915CE7D1B51A33C00A033CD /* ListViewController.swift */; };
		9915CE801B51A34400A033CD /* DetailViewController.swift in Sources */ = {isa = PBXBuildFile; fileRef = 9915CE7F1B51A34400A033CD /* DetailViewController.swift */; };
		9915CE821B51A36B00A033CD /* ValidatorExample.swift in Sources */ = {isa = PBXBuildFile; fileRef = 9915CE811B51A36B00A033CD /* ValidatorExample.swift */; };
		9915CE851B51ACF200A033CD /* UITextField+Validator.swift in Sources */ = {isa = PBXBuildFile; fileRef = 9915CE841B51ACF200A033CD /* UITextField+Validator.swift */; };
		9915CE871B51AD9600A033CD /* ValidatableComponent.swift in Sources */ = {isa = PBXBuildFile; fileRef = 9915CE861B51AD9600A033CD /* ValidatableComponent.swift */; };
		995D0FC01B511DEC004E2D4D /* ValidationRulePattern.swift in Sources */ = {isa = PBXBuildFile; fileRef = 995D0FBF1B511DEC004E2D4D /* ValidationRulePattern.swift */; };
		995D0FC31B519AC5004E2D4D /* ValidationRulePatternTests.swift in Sources */ = {isa = PBXBuildFile; fileRef = 995D0FC21B519AC5004E2D4D /* ValidationRulePatternTests.swift */; };
		99845C861B4E76F1002F82A2 /* ValidatableExtensions.swift in Sources */ = {isa = PBXBuildFile; fileRef = 99845C851B4E76F1002F82A2 /* ValidatableExtensions.swift */; };
		999F539B1B4E736900143184 /* AppDelegate.swift in Sources */ = {isa = PBXBuildFile; fileRef = 999F539A1B4E736900143184 /* AppDelegate.swift */; };
		999F53A01B4E736900143184 /* Main.storyboard in Resources */ = {isa = PBXBuildFile; fileRef = 999F539E1B4E736900143184 /* Main.storyboard */; };
		999F53A21B4E736900143184 /* Assets.xcassets in Resources */ = {isa = PBXBuildFile; fileRef = 999F53A11B4E736900143184 /* Assets.xcassets */; };
		999F53A51B4E736900143184 /* LaunchScreen.storyboard in Resources */ = {isa = PBXBuildFile; fileRef = 999F53A31B4E736900143184 /* LaunchScreen.storyboard */; };
		999F53B01B4E736900143184 /* ValidationRuleRangeTests.swift in Sources */ = {isa = PBXBuildFile; fileRef = 999F53AF1B4E736900143184 /* ValidationRuleRangeTests.swift */; };
		999F53BC1B4E73AB00143184 /* Validatable.swift in Sources */ = {isa = PBXBuildFile; fileRef = 999F53BB1B4E73AB00143184 /* Validatable.swift */; };
		999F53BE1B4E740700143184 /* ValidationRule.swift in Sources */ = {isa = PBXBuildFile; fileRef = 999F53BD1B4E740700143184 /* ValidationRule.swift */; };
		999F53C01B4E744200143184 /* ValidationResult.swift in Sources */ = {isa = PBXBuildFile; fileRef = 999F53BF1B4E744200143184 /* ValidationResult.swift */; };
		99B8EFE31B5044D700B1F323 /* ValidationRuleRange.swift in Sources */ = {isa = PBXBuildFile; fileRef = 99B8EFE21B5044D700B1F323 /* ValidationRuleRange.swift */; };
		99B8EFE61B504CE500B1F323 /* ValidatableNumeric.swift in Sources */ = {isa = PBXBuildFile; fileRef = 99B8EFE51B504CE500B1F323 /* ValidatableNumeric.swift */; };
		99B8EFE81B505BF700B1F323 /* ValidationRuleCondition.swift in Sources */ = {isa = PBXBuildFile; fileRef = 99B8EFE71B505BF700B1F323 /* ValidationRuleCondition.swift */; };
		99B8EFEA1B505F8200B1F323 /* ValidationRuleConditionTests.swift in Sources */ = {isa = PBXBuildFile; fileRef = 99B8EFE91B505F8200B1F323 /* ValidationRuleConditionTests.swift */; };
/* End PBXBuildFile section */

/* Begin PBXContainerItemProxy section */
		999F53AC1B4E736900143184 /* PBXContainerItemProxy */ = {
			isa = PBXContainerItemProxy;
			containerPortal = 999F538F1B4E736900143184 /* Project object */;
			proxyType = 1;
			remoteGlobalIDString = 999F53961B4E736900143184;
			remoteInfo = Validator;
		};
/* End PBXContainerItemProxy section */

/* Begin PBXFileReference section */
		9915CE791B519F1E00A033CD /* ValidationRuleEquality.swift */ = {isa = PBXFileReference; fileEncoding = 4; lastKnownFileType = sourcecode.swift; path = ValidationRuleEquality.swift; sourceTree = "<group>"; };
		9915CE7B1B51A10700A033CD /* ValidationRuleEqualityTests.swift */ = {isa = PBXFileReference; fileEncoding = 4; lastKnownFileType = sourcecode.swift; path = ValidationRuleEqualityTests.swift; sourceTree = "<group>"; };
		9915CE7D1B51A33C00A033CD /* ListViewController.swift */ = {isa = PBXFileReference; fileEncoding = 4; lastKnownFileType = sourcecode.swift; path = ListViewController.swift; sourceTree = "<group>"; };
		9915CE7F1B51A34400A033CD /* DetailViewController.swift */ = {isa = PBXFileReference; fileEncoding = 4; lastKnownFileType = sourcecode.swift; path = DetailViewController.swift; sourceTree = "<group>"; };
		9915CE811B51A36B00A033CD /* ValidatorExample.swift */ = {isa = PBXFileReference; fileEncoding = 4; lastKnownFileType = sourcecode.swift; path = ValidatorExample.swift; sourceTree = "<group>"; };
		9915CE841B51ACF200A033CD /* UITextField+Validator.swift */ = {isa = PBXFileReference; fileEncoding = 4; lastKnownFileType = sourcecode.swift; path = "UITextField+Validator.swift"; sourceTree = "<group>"; };
		9915CE861B51AD9600A033CD /* ValidatableComponent.swift */ = {isa = PBXFileReference; fileEncoding = 4; lastKnownFileType = sourcecode.swift; path = ValidatableComponent.swift; sourceTree = "<group>"; };
		995D0FBF1B511DEC004E2D4D /* ValidationRulePattern.swift */ = {isa = PBXFileReference; fileEncoding = 4; lastKnownFileType = sourcecode.swift; path = ValidationRulePattern.swift; sourceTree = "<group>"; };
		995D0FC21B519AC5004E2D4D /* ValidationRulePatternTests.swift */ = {isa = PBXFileReference; fileEncoding = 4; lastKnownFileType = sourcecode.swift; path = ValidationRulePatternTests.swift; sourceTree = "<group>"; };
		99845C851B4E76F1002F82A2 /* ValidatableExtensions.swift */ = {isa = PBXFileReference; fileEncoding = 4; lastKnownFileType = sourcecode.swift; path = ValidatableExtensions.swift; sourceTree = "<group>"; };
		999F53971B4E736900143184 /* Validator.app */ = {isa = PBXFileReference; explicitFileType = wrapper.application; includeInIndex = 0; path = Validator.app; sourceTree = BUILT_PRODUCTS_DIR; };
		999F539A1B4E736900143184 /* AppDelegate.swift */ = {isa = PBXFileReference; lastKnownFileType = sourcecode.swift; path = AppDelegate.swift; sourceTree = "<group>"; };
		999F539F1B4E736900143184 /* Base */ = {isa = PBXFileReference; lastKnownFileType = file.storyboard; name = Base; path = Base.lproj/Main.storyboard; sourceTree = "<group>"; };
		999F53A11B4E736900143184 /* Assets.xcassets */ = {isa = PBXFileReference; lastKnownFileType = folder.assetcatalog; path = Assets.xcassets; sourceTree = "<group>"; };
		999F53A41B4E736900143184 /* Base */ = {isa = PBXFileReference; lastKnownFileType = file.storyboard; name = Base; path = Base.lproj/LaunchScreen.storyboard; sourceTree = "<group>"; };
		999F53A61B4E736900143184 /* Info.plist */ = {isa = PBXFileReference; lastKnownFileType = text.plist.xml; path = Info.plist; sourceTree = "<group>"; };
		999F53AB1B4E736900143184 /* ValidatorTests.xctest */ = {isa = PBXFileReference; explicitFileType = wrapper.cfbundle; includeInIndex = 0; path = ValidatorTests.xctest; sourceTree = BUILT_PRODUCTS_DIR; };
		999F53AF1B4E736900143184 /* ValidationRuleRangeTests.swift */ = {isa = PBXFileReference; lastKnownFileType = sourcecode.swift; path = ValidationRuleRangeTests.swift; sourceTree = "<group>"; };
		999F53B11B4E736900143184 /* Info.plist */ = {isa = PBXFileReference; lastKnownFileType = text.plist.xml; path = Info.plist; sourceTree = "<group>"; };
		999F53BB1B4E73AB00143184 /* Validatable.swift */ = {isa = PBXFileReference; fileEncoding = 4; lastKnownFileType = sourcecode.swift; path = Validatable.swift; sourceTree = "<group>"; };
		999F53BD1B4E740700143184 /* ValidationRule.swift */ = {isa = PBXFileReference; fileEncoding = 4; lastKnownFileType = sourcecode.swift; path = ValidationRule.swift; sourceTree = "<group>"; };
		999F53BF1B4E744200143184 /* ValidationResult.swift */ = {isa = PBXFileReference; fileEncoding = 4; lastKnownFileType = sourcecode.swift; path = ValidationResult.swift; sourceTree = "<group>"; };
		99B8EFE21B5044D700B1F323 /* ValidationRuleRange.swift */ = {isa = PBXFileReference; fileEncoding = 4; lastKnownFileType = sourcecode.swift; path = ValidationRuleRange.swift; sourceTree = "<group>"; };
		99B8EFE51B504CE500B1F323 /* ValidatableNumeric.swift */ = {isa = PBXFileReference; fileEncoding = 4; lastKnownFileType = sourcecode.swift; path = ValidatableNumeric.swift; sourceTree = "<group>"; };
		99B8EFE71B505BF700B1F323 /* ValidationRuleCondition.swift */ = {isa = PBXFileReference; fileEncoding = 4; lastKnownFileType = sourcecode.swift; path = ValidationRuleCondition.swift; sourceTree = "<group>"; };
		99B8EFE91B505F8200B1F323 /* ValidationRuleConditionTests.swift */ = {isa = PBXFileReference; fileEncoding = 4; lastKnownFileType = sourcecode.swift; path = ValidationRuleConditionTests.swift; sourceTree = "<group>"; };
/* End PBXFileReference section */

/* Begin PBXFrameworksBuildPhase section */
		999F53941B4E736900143184 /* Frameworks */ = {
			isa = PBXFrameworksBuildPhase;
			buildActionMask = 2147483647;
			files = (
			);
			runOnlyForDeploymentPostprocessing = 0;
		};
		999F53A81B4E736900143184 /* Frameworks */ = {
			isa = PBXFrameworksBuildPhase;
			buildActionMask = 2147483647;
			files = (
			);
			runOnlyForDeploymentPostprocessing = 0;
		};
/* End PBXFrameworksBuildPhase section */

/* Begin PBXGroup section */
		9915CE831B51ACBF00A033CD /* UIKit Extensions */ = {
			isa = PBXGroup;
			children = (
				9915CE861B51AD9600A033CD /* ValidatableComponent.swift */,
				9915CE841B51ACF200A033CD /* UITextField+Validator.swift */,
			);
			name = "UIKit Extensions";
			sourceTree = "<group>";
		};
		995D0FC11B519A9F004E2D4D /* Rules */ = {
			isa = PBXGroup;
			children = (
				999F53AF1B4E736900143184 /* ValidationRuleRangeTests.swift */,
				99B8EFE91B505F8200B1F323 /* ValidationRuleConditionTests.swift */,
				995D0FC21B519AC5004E2D4D /* ValidationRulePatternTests.swift */,
				9915CE7B1B51A10700A033CD /* ValidationRuleEqualityTests.swift */,
			);
			name = Rules;
			sourceTree = "<group>";
		};
		999F538E1B4E736900143184 = {
			isa = PBXGroup;
			children = (
				999F53BA1B4E737500143184 /* Validator */,
				999F53991B4E736900143184 /* ValidatorExample */,
				999F53AE1B4E736900143184 /* ValidatorTests */,
				999F53981B4E736900143184 /* Products */,
			);
			sourceTree = "<group>";
		};
		999F53981B4E736900143184 /* Products */ = {
			isa = PBXGroup;
			children = (
				999F53971B4E736900143184 /* Validator.app */,
				999F53AB1B4E736900143184 /* ValidatorTests.xctest */,
			);
			name = Products;
			sourceTree = "<group>";
		};
		999F53991B4E736900143184 /* ValidatorExample */ = {
			isa = PBXGroup;
			children = (
				999F539A1B4E736900143184 /* AppDelegate.swift */,
				9915CE7D1B51A33C00A033CD /* ListViewController.swift */,
				9915CE7F1B51A34400A033CD /* DetailViewController.swift */,
				9915CE811B51A36B00A033CD /* ValidatorExample.swift */,
				999F539E1B4E736900143184 /* Main.storyboard */,
				999F53A11B4E736900143184 /* Assets.xcassets */,
				999F53A31B4E736900143184 /* LaunchScreen.storyboard */,
				999F53A61B4E736900143184 /* Info.plist */,
			);
			name = ValidatorExample;
			path = Validator;
			sourceTree = "<group>";
		};
		999F53AE1B4E736900143184 /* ValidatorTests */ = {
			isa = PBXGroup;
			children = (
				999F53B11B4E736900143184 /* Info.plist */,
				995D0FC11B519A9F004E2D4D /* Rules */,
			);
			path = ValidatorTests;
			sourceTree = "<group>";
		};
		999F53BA1B4E737500143184 /* Validator */ = {
			isa = PBXGroup;
			children = (
				999F53BB1B4E73AB00143184 /* Validatable.swift */,
				999F53BD1B4E740700143184 /* ValidationRule.swift */,
				999F53BF1B4E744200143184 /* ValidationResult.swift */,
				99B8EFE51B504CE500B1F323 /* ValidatableNumeric.swift */,
				99845C851B4E76F1002F82A2 /* ValidatableExtensions.swift */,
				9915CE831B51ACBF00A033CD /* UIKit Extensions */,
				99B8EFE11B50415B00B1F323 /* Rules */,
			);
			name = Validator;
			sourceTree = "<group>";
		};
		99B8EFE11B50415B00B1F323 /* Rules */ = {
			isa = PBXGroup;
			children = (
				99B8EFE21B5044D700B1F323 /* ValidationRuleRange.swift */,
				995D0FBF1B511DEC004E2D4D /* ValidationRulePattern.swift */,
				99B8EFE71B505BF700B1F323 /* ValidationRuleCondition.swift */,
				9915CE791B519F1E00A033CD /* ValidationRuleEquality.swift */,
			);
			name = Rules;
			sourceTree = "<group>";
		};
/* End PBXGroup section */

/* Begin PBXNativeTarget section */
		999F53961B4E736900143184 /* Validator */ = {
			isa = PBXNativeTarget;
			buildConfigurationList = 999F53B41B4E736900143184 /* Build configuration list for PBXNativeTarget "Validator" */;
			buildPhases = (
				999F53931B4E736900143184 /* Sources */,
				999F53941B4E736900143184 /* Frameworks */,
				999F53951B4E736900143184 /* Resources */,
			);
			buildRules = (
			);
			dependencies = (
			);
			name = Validator;
			productName = Validator;
			productReference = 999F53971B4E736900143184 /* Validator.app */;
			productType = "com.apple.product-type.application";
		};
		999F53AA1B4E736900143184 /* ValidatorTests */ = {
			isa = PBXNativeTarget;
			buildConfigurationList = 999F53B71B4E736900143184 /* Build configuration list for PBXNativeTarget "ValidatorTests" */;
			buildPhases = (
				999F53A71B4E736900143184 /* Sources */,
				999F53A81B4E736900143184 /* Frameworks */,
				999F53A91B4E736900143184 /* Resources */,
			);
			buildRules = (
			);
			dependencies = (
				999F53AD1B4E736900143184 /* PBXTargetDependency */,
			);
			name = ValidatorTests;
			productName = ValidatorTests;
			productReference = 999F53AB1B4E736900143184 /* ValidatorTests.xctest */;
			productType = "com.apple.product-type.bundle.unit-test";
		};
/* End PBXNativeTarget section */

/* Begin PBXProject section */
		999F538F1B4E736900143184 /* Project object */ = {
			isa = PBXProject;
			attributes = {
				LastUpgradeCheck = 0700;
				ORGANIZATIONNAME = adamjwaite.co.uk;
				TargetAttributes = {
					999F53961B4E736900143184 = {
						CreatedOnToolsVersion = 7.0;
					};
					999F53AA1B4E736900143184 = {
						CreatedOnToolsVersion = 7.0;
						TestTargetID = 999F53961B4E736900143184;
					};
				};
			};
			buildConfigurationList = 999F53921B4E736900143184 /* Build configuration list for PBXProject "Validator" */;
			compatibilityVersion = "Xcode 3.2";
			developmentRegion = English;
			hasScannedForEncodings = 0;
			knownRegions = (
				en,
				Base,
			);
			mainGroup = 999F538E1B4E736900143184;
			productRefGroup = 999F53981B4E736900143184 /* Products */;
			projectDirPath = "";
			projectRoot = "";
			targets = (
				999F53961B4E736900143184 /* Validator */,
				999F53AA1B4E736900143184 /* ValidatorTests */,
			);
		};
/* End PBXProject section */

/* Begin PBXResourcesBuildPhase section */
		999F53951B4E736900143184 /* Resources */ = {
			isa = PBXResourcesBuildPhase;
			buildActionMask = 2147483647;
			files = (
				999F53A51B4E736900143184 /* LaunchScreen.storyboard in Resources */,
				999F53A21B4E736900143184 /* Assets.xcassets in Resources */,
				999F53A01B4E736900143184 /* Main.storyboard in Resources */,
			);
			runOnlyForDeploymentPostprocessing = 0;
		};
		999F53A91B4E736900143184 /* Resources */ = {
			isa = PBXResourcesBuildPhase;
			buildActionMask = 2147483647;
			files = (
			);
			runOnlyForDeploymentPostprocessing = 0;
		};
/* End PBXResourcesBuildPhase section */

/* Begin PBXSourcesBuildPhase section */
		999F53931B4E736900143184 /* Sources */ = {
			isa = PBXSourcesBuildPhase;
			buildActionMask = 2147483647;
			files = (
				9915CE851B51ACF200A033CD /* UITextField+Validator.swift in Sources */,
				999F53BC1B4E73AB00143184 /* Validatable.swift in Sources */,
				9915CE7A1B519F1E00A033CD /* ValidationRuleEquality.swift in Sources */,
				99B8EFE81B505BF700B1F323 /* ValidationRuleCondition.swift in Sources */,
				9915CE801B51A34400A033CD /* DetailViewController.swift in Sources */,
				999F53BE1B4E740700143184 /* ValidationRule.swift in Sources */,
				99B8EFE61B504CE500B1F323 /* ValidatableNumeric.swift in Sources */,
				9915CE7E1B51A33C00A033CD /* ListViewController.swift in Sources */,
				995D0FC01B511DEC004E2D4D /* ValidationRulePattern.swift in Sources */,
				99845C861B4E76F1002F82A2 /* ValidatableExtensions.swift in Sources */,
				999F53C01B4E744200143184 /* ValidationResult.swift in Sources */,
				9915CE821B51A36B00A033CD /* ValidatorExample.swift in Sources */,
				99B8EFE31B5044D700B1F323 /* ValidationRuleRange.swift in Sources */,
				9915CE871B51AD9600A033CD /* ValidatableComponent.swift in Sources */,
				999F539B1B4E736900143184 /* AppDelegate.swift in Sources */,
			);
			runOnlyForDeploymentPostprocessing = 0;
		};
		999F53A71B4E736900143184 /* Sources */ = {
			isa = PBXSourcesBuildPhase;
			buildActionMask = 2147483647;
			files = (
				9915CE7C1B51A10700A033CD /* ValidationRuleEqualityTests.swift in Sources */,
				999F53B01B4E736900143184 /* ValidationRuleRangeTests.swift in Sources */,
				99B8EFEA1B505F8200B1F323 /* ValidationRuleConditionTests.swift in Sources */,
				995D0FC31B519AC5004E2D4D /* ValidationRulePatternTests.swift in Sources */,
			);
			runOnlyForDeploymentPostprocessing = 0;
		};
/* End PBXSourcesBuildPhase section */

/* Begin PBXTargetDependency section */
		999F53AD1B4E736900143184 /* PBXTargetDependency */ = {
			isa = PBXTargetDependency;
			target = 999F53961B4E736900143184 /* Validator */;
			targetProxy = 999F53AC1B4E736900143184 /* PBXContainerItemProxy */;
		};
/* End PBXTargetDependency section */

/* Begin PBXVariantGroup section */
		999F539E1B4E736900143184 /* Main.storyboard */ = {
			isa = PBXVariantGroup;
			children = (
				999F539F1B4E736900143184 /* Base */,
			);
			name = Main.storyboard;
			sourceTree = "<group>";
		};
		999F53A31B4E736900143184 /* LaunchScreen.storyboard */ = {
			isa = PBXVariantGroup;
			children = (
				999F53A41B4E736900143184 /* Base */,
			);
			name = LaunchScreen.storyboard;
			sourceTree = "<group>";
		};
/* End PBXVariantGroup section */

/* Begin XCBuildConfiguration section */
		999F53B21B4E736900143184 /* Debug */ = {
			isa = XCBuildConfiguration;
			buildSettings = {
				ALWAYS_SEARCH_USER_PATHS = NO;
				CLANG_CXX_LANGUAGE_STANDARD = "gnu++0x";
				CLANG_CXX_LIBRARY = "libc++";
				CLANG_ENABLE_MODULES = YES;
				CLANG_ENABLE_OBJC_ARC = YES;
				CLANG_WARN_BOOL_CONVERSION = YES;
				CLANG_WARN_CONSTANT_CONVERSION = YES;
				CLANG_WARN_DIRECT_OBJC_ISA_USAGE = YES_ERROR;
				CLANG_WARN_EMPTY_BODY = YES;
				CLANG_WARN_ENUM_CONVERSION = YES;
				CLANG_WARN_INT_CONVERSION = YES;
				CLANG_WARN_OBJC_ROOT_CLASS = YES_ERROR;
				CLANG_WARN_UNREACHABLE_CODE = YES;
				CLANG_WARN__DUPLICATE_METHOD_MATCH = YES;
				"CODE_SIGN_IDENTITY[sdk=iphoneos*]" = "iPhone Developer";
				COPY_PHASE_STRIP = NO;
				DEBUG_INFORMATION_FORMAT = dwarf;
				ENABLE_STRICT_OBJC_MSGSEND = YES;
				ENABLE_TESTABILITY = YES;
				GCC_C_LANGUAGE_STANDARD = gnu99;
				GCC_DYNAMIC_NO_PIC = NO;
				GCC_NO_COMMON_BLOCKS = YES;
				GCC_OPTIMIZATION_LEVEL = 0;
				GCC_PREPROCESSOR_DEFINITIONS = (
					"DEBUG=1",
					"$(inherited)",
				);
				GCC_WARN_64_TO_32_BIT_CONVERSION = YES;
				GCC_WARN_ABOUT_RETURN_TYPE = YES_ERROR;
				GCC_WARN_UNDECLARED_SELECTOR = YES;
				GCC_WARN_UNINITIALIZED_AUTOS = YES_AGGRESSIVE;
				GCC_WARN_UNUSED_FUNCTION = YES;
				GCC_WARN_UNUSED_VARIABLE = YES;
				IPHONEOS_DEPLOYMENT_TARGET = 9.0;
				MTL_ENABLE_DEBUG_INFO = YES;
				ONLY_ACTIVE_ARCH = YES;
				SDKROOT = iphoneos;
				SWIFT_OPTIMIZATION_LEVEL = "-Onone";
				TARGETED_DEVICE_FAMILY = "1,2";
			};
			name = Debug;
		};
		999F53B31B4E736900143184 /* Release */ = {
			isa = XCBuildConfiguration;
			buildSettings = {
				ALWAYS_SEARCH_USER_PATHS = NO;
				CLANG_CXX_LANGUAGE_STANDARD = "gnu++0x";
				CLANG_CXX_LIBRARY = "libc++";
				CLANG_ENABLE_MODULES = YES;
				CLANG_ENABLE_OBJC_ARC = YES;
				CLANG_WARN_BOOL_CONVERSION = YES;
				CLANG_WARN_CONSTANT_CONVERSION = YES;
				CLANG_WARN_DIRECT_OBJC_ISA_USAGE = YES_ERROR;
				CLANG_WARN_EMPTY_BODY = YES;
				CLANG_WARN_ENUM_CONVERSION = YES;
				CLANG_WARN_INT_CONVERSION = YES;
				CLANG_WARN_OBJC_ROOT_CLASS = YES_ERROR;
				CLANG_WARN_UNREACHABLE_CODE = YES;
				CLANG_WARN__DUPLICATE_METHOD_MATCH = YES;
				"CODE_SIGN_IDENTITY[sdk=iphoneos*]" = "iPhone Developer";
				COPY_PHASE_STRIP = NO;
				DEBUG_INFORMATION_FORMAT = "dwarf-with-dsym";
				ENABLE_NS_ASSERTIONS = NO;
				ENABLE_STRICT_OBJC_MSGSEND = YES;
				GCC_C_LANGUAGE_STANDARD = gnu99;
				GCC_NO_COMMON_BLOCKS = YES;
				GCC_WARN_64_TO_32_BIT_CONVERSION = YES;
				GCC_WARN_ABOUT_RETURN_TYPE = YES_ERROR;
				GCC_WARN_UNDECLARED_SELECTOR = YES;
				GCC_WARN_UNINITIALIZED_AUTOS = YES_AGGRESSIVE;
				GCC_WARN_UNUSED_FUNCTION = YES;
				GCC_WARN_UNUSED_VARIABLE = YES;
				IPHONEOS_DEPLOYMENT_TARGET = 9.0;
				MTL_ENABLE_DEBUG_INFO = NO;
				SDKROOT = iphoneos;
				TARGETED_DEVICE_FAMILY = "1,2";
				VALIDATE_PRODUCT = YES;
			};
			name = Release;
		};
		999F53B51B4E736900143184 /* Debug */ = {
			isa = XCBuildConfiguration;
			buildSettings = {
				ASSETCATALOG_COMPILER_APPICON_NAME = AppIcon;
				INFOPLIST_FILE = Validator/Info.plist;
				LD_RUNPATH_SEARCH_PATHS = "$(inherited) @executable_path/Frameworks";
				PRODUCT_BUNDLE_IDENTIFIER = adamjwaite.co.uk.Validator;
				PRODUCT_NAME = "$(TARGET_NAME)";
			};
			name = Debug;
		};
		999F53B61B4E736900143184 /* Release */ = {
			isa = XCBuildConfiguration;
			buildSettings = {
				ASSETCATALOG_COMPILER_APPICON_NAME = AppIcon;
				INFOPLIST_FILE = Validator/Info.plist;
				LD_RUNPATH_SEARCH_PATHS = "$(inherited) @executable_path/Frameworks";
				PRODUCT_BUNDLE_IDENTIFIER = adamjwaite.co.uk.Validator;
				PRODUCT_NAME = "$(TARGET_NAME)";
			};
			name = Release;
		};
		999F53B81B4E736900143184 /* Debug */ = {
			isa = XCBuildConfiguration;
			buildSettings = {
				BUNDLE_LOADER = "$(TEST_HOST)";
				INFOPLIST_FILE = ValidatorTests/Info.plist;
				LD_RUNPATH_SEARCH_PATHS = "$(inherited) @executable_path/Frameworks @loader_path/Frameworks";
				PRODUCT_BUNDLE_IDENTIFIER = adamjwaite.co.uk.ValidatorTests;
				PRODUCT_NAME = "$(TARGET_NAME)";
				TEST_HOST = "$(BUILT_PRODUCTS_DIR)/Validator.app/Validator";
			};
			name = Debug;
		};
		999F53B91B4E736900143184 /* Release */ = {
			isa = XCBuildConfiguration;
			buildSettings = {
				BUNDLE_LOADER = "$(TEST_HOST)";
				INFOPLIST_FILE = ValidatorTests/Info.plist;
				LD_RUNPATH_SEARCH_PATHS = "$(inherited) @executable_path/Frameworks @loader_path/Frameworks";
				PRODUCT_BUNDLE_IDENTIFIER = adamjwaite.co.uk.ValidatorTests;
				PRODUCT_NAME = "$(TARGET_NAME)";
				TEST_HOST = "$(BUILT_PRODUCTS_DIR)/Validator.app/Validator";
			};
			name = Release;
		};
/* End XCBuildConfiguration section */

/* Begin XCConfigurationList section */
		999F53921B4E736900143184 /* Build configuration list for PBXProject "Validator" */ = {
			isa = XCConfigurationList;
			buildConfigurations = (
				999F53B21B4E736900143184 /* Debug */,
				999F53B31B4E736900143184 /* Release */,
			);
			defaultConfigurationIsVisible = 0;
			defaultConfigurationName = Release;
		};
		999F53B41B4E736900143184 /* Build configuration list for PBXNativeTarget "Validator" */ = {
			isa = XCConfigurationList;
			buildConfigurations = (
				999F53B51B4E736900143184 /* Debug */,
				999F53B61B4E736900143184 /* Release */,
			);
			defaultConfigurationIsVisible = 0;
			defaultConfigurationName = Release;
		};
		999F53B71B4E736900143184 /* Build configuration list for PBXNativeTarget "ValidatorTests" */ = {
			isa = XCConfigurationList;
			buildConfigurations = (
				999F53B81B4E736900143184 /* Debug */,
				999F53B91B4E736900143184 /* Release */,
			);
			defaultConfigurationIsVisible = 0;
			defaultConfigurationName = Release;
		};
/* End XCConfigurationList section */
	};
	rootObject = 999F538F1B4E736900143184 /* Project object */;
}
